PODS:
  - AMap2DMap (2.5.0)
  - AMapSearch (2.5.0)
  - MBProgressHUD (0.9.1)
  - MDCSwipeToChoose (0.2.2)

DEPENDENCIES:
  - AMap2DMap
  - AMapSearch
  - MBProgressHUD
  - MDCSwipeToChoose

SPEC CHECKSUMS:
  AMap2DMap: 4952d35e7d3abdf36a568115bda21bd2b0d65e9b
  AMapSearch: eafa5a749b1078a46f15e6108e88307f78f75e9b
  MBProgressHUD: c47f2c166c126cf2ce36498d80f33e754d4e93ad
  MDCSwipeToChoose: 715aefacd3cc884c448fcdc70638c04a3056408c

COCOAPODS: 0.37.0
