// !$*UTF8*$!
{
	archiveVersion = 1;
	classes = {
	};
	objectVersion = 46;
	objects = {

/* Begin PBXBuildFile section */
		A10230AA1AFC8730002FE71B /* XiangQIngParse.m in Sources */ = {isa = PBXBuildFile; fileRef = A10230A91AFC8730002FE71B /* XiangQIngParse.m */; };
		A118D3EF1AF2109D009FB802 /* main.m in Sources */ = {isa = PBXBuildFile; fileRef = A118D3EE1AF2109D009FB802 /* main.m */; };
		A118D3F21AF2109D009FB802 /* AppDelegate.m in Sources */ = {isa = PBXBuildFile; fileRef = A118D3F11AF2109D009FB802 /* AppDelegate.m */; };
		A118D3F51AF2109D009FB802 /* ZYMoreWork.xcdatamodeld in Sources */ = {isa = PBXBuildFile; fileRef = A118D3F31AF2109D009FB802 /* ZYMoreWork.xcdatamodeld */; };
		A118D3FD1AF2109D009FB802 /* Images.xcassets in Resources */ = {isa = PBXBuildFile; fileRef = A118D3FC1AF2109D009FB802 /* Images.xcassets */; };
		A118D44B1AF21D20009FB802 /* AFHTTPRequestOperation.m in Sources */ = {isa = PBXBuildFile; fileRef = A118D4241AF21D20009FB802 /* AFHTTPRequestOperation.m */; };
		A118D44C1AF21D20009FB802 /* AFHTTPRequestOperationManager.m in Sources */ = {isa = PBXBuildFile; fileRef = A118D4261AF21D20009FB802 /* AFHTTPRequestOperationManager.m */; };
		A118D44D1AF21D20009FB802 /* AFHTTPSessionManager.m in Sources */ = {isa = PBXBuildFile; fileRef = A118D4281AF21D20009FB802 /* AFHTTPSessionManager.m */; };
		A118D44E1AF21D20009FB802 /* AFNetworkReachabilityManager.m in Sources */ = {isa = PBXBuildFile; fileRef = A118D42B1AF21D20009FB802 /* AFNetworkReachabilityManager.m */; };
		A118D44F1AF21D20009FB802 /* AFSecurityPolicy.m in Sources */ = {isa = PBXBuildFile; fileRef = A118D42D1AF21D20009FB802 /* AFSecurityPolicy.m */; };
		A118D4501AF21D20009FB802 /* AFURLConnectionOperation.m in Sources */ = {isa = PBXBuildFile; fileRef = A118D42F1AF21D20009FB802 /* AFURLConnectionOperation.m */; };
		A118D4511AF21D20009FB802 /* AFURLRequestSerialization.m in Sources */ = {isa = PBXBuildFile; fileRef = A118D4311AF21D20009FB802 /* AFURLRequestSerialization.m */; };
		A118D4521AF21D20009FB802 /* AFURLResponseSerialization.m in Sources */ = {isa = PBXBuildFile; fileRef = A118D4331AF21D20009FB802 /* AFURLResponseSerialization.m */; };
		A118D4531AF21D20009FB802 /* AFURLSessionManager.m in Sources */ = {isa = PBXBuildFile; fileRef = A118D4351AF21D20009FB802 /* AFURLSessionManager.m */; };
		A118D4541AF21D20009FB802 /* MLBlackTransition.m in Sources */ = {isa = PBXBuildFile; fileRef = A118D4381AF21D20009FB802 /* MLBlackTransition.m */; };
		A118D4551AF21D20009FB802 /* AFNetworkActivityIndicatorManager.m in Sources */ = {isa = PBXBuildFile; fileRef = A118D43B1AF21D20009FB802 /* AFNetworkActivityIndicatorManager.m */; };
		A118D4561AF21D20009FB802 /* UIActivityIndicatorView+AFNetworking.m in Sources */ = {isa = PBXBuildFile; fileRef = A118D43D1AF21D20009FB802 /* UIActivityIndicatorView+AFNetworking.m */; };
		A118D4571AF21D20009FB802 /* UIAlertView+AFNetworking.m in Sources */ = {isa = PBXBuildFile; fileRef = A118D43F1AF21D20009FB802 /* UIAlertView+AFNetworking.m */; };
		A118D4581AF21D20009FB802 /* UIButton+AFNetworking.m in Sources */ = {isa = PBXBuildFile; fileRef = A118D4411AF21D20009FB802 /* UIButton+AFNetworking.m */; };
		A118D4591AF21D20009FB802 /* UIImageView+AFNetworking.m in Sources */ = {isa = PBXBuildFile; fileRef = A118D4431AF21D20009FB802 /* UIImageView+AFNetworking.m */; };
		A118D45A1AF21D20009FB802 /* UIProgressView+AFNetworking.m in Sources */ = {isa = PBXBuildFile; fileRef = A118D4461AF21D20009FB802 /* UIProgressView+AFNetworking.m */; };
		A118D45B1AF21D20009FB802 /* UIRefreshControl+AFNetworking.m in Sources */ = {isa = PBXBuildFile; fileRef = A118D4481AF21D20009FB802 /* UIRefreshControl+AFNetworking.m */; };
		A118D45C1AF21D20009FB802 /* UIWebView+AFNetworking.m in Sources */ = {isa = PBXBuildFile; fileRef = A118D44A1AF21D20009FB802 /* UIWebView+AFNetworking.m */; };
		A118D46E1AF21D71009FB802 /* MJRefresh.bundle in Resources */ = {isa = PBXBuildFile; fileRef = A118D45E1AF21D71009FB802 /* MJRefresh.bundle */; };
		A118D46F1AF21D71009FB802 /* MJRefreshBaseView.m in Sources */ = {isa = PBXBuildFile; fileRef = A118D4611AF21D71009FB802 /* MJRefreshBaseView.m */; };
		A118D4701AF21D71009FB802 /* MJRefreshConst.m in Sources */ = {isa = PBXBuildFile; fileRef = A118D4631AF21D71009FB802 /* MJRefreshConst.m */; };
		A118D4711AF21D71009FB802 /* MJRefreshFooterView.m in Sources */ = {isa = PBXBuildFile; fileRef = A118D4651AF21D71009FB802 /* MJRefreshFooterView.m */; };
		A118D4721AF21D71009FB802 /* MJRefreshHeaderView.m in Sources */ = {isa = PBXBuildFile; fileRef = A118D4671AF21D71009FB802 /* MJRefreshHeaderView.m */; };
		A118D4731AF21D71009FB802 /* UIScrollView+MJExtension.m in Sources */ = {isa = PBXBuildFile; fileRef = A118D4691AF21D71009FB802 /* UIScrollView+MJExtension.m */; };
		A118D4741AF21D71009FB802 /* UIScrollView+MJRefresh.m in Sources */ = {isa = PBXBuildFile; fileRef = A118D46B1AF21D71009FB802 /* UIScrollView+MJRefresh.m */; };
		A118D4751AF21D71009FB802 /* UIView+MJExtension.m in Sources */ = {isa = PBXBuildFile; fileRef = A118D46D1AF21D71009FB802 /* UIView+MJExtension.m */; };
		A118D4781AF21DD0009FB802 /* BaseTabBarViewController.m in Sources */ = {isa = PBXBuildFile; fileRef = A118D4771AF21DD0009FB802 /* BaseTabBarViewController.m */; };
		A118D47C1AF221B1009FB802 /* Work.storyboard in Resources */ = {isa = PBXBuildFile; fileRef = A118D47B1AF221B1009FB802 /* Work.storyboard */; };
		A118D47E1AF221D9009FB802 /* Gongtuan.storyboard in Resources */ = {isa = PBXBuildFile; fileRef = A118D47D1AF221D9009FB802 /* Gongtuan.storyboard */; };
		A118D4801AF221E8009FB802 /* Mendian.storyboard in Resources */ = {isa = PBXBuildFile; fileRef = A118D47F1AF221E8009FB802 /* Mendian.storyboard */; };
		A118D4821AF221F6009FB802 /* Set.storyboard in Resources */ = {isa = PBXBuildFile; fileRef = A118D4811AF221F6009FB802 /* Set.storyboard */; };
		A118D4851AF2280F009FB802 /* BaseNavigationViewController.m in Sources */ = {isa = PBXBuildFile; fileRef = A118D4841AF2280F009FB802 /* BaseNavigationViewController.m */; };
		A118D4881AF22D02009FB802 /* BaseViewController.m in Sources */ = {isa = PBXBuildFile; fileRef = A118D4871AF22D02009FB802 /* BaseViewController.m */; };
		A118D48B1AF24505009FB802 /* WorkViewController.m in Sources */ = {isa = PBXBuildFile; fileRef = A118D48A1AF24505009FB802 /* WorkViewController.m */; };
		A11D60DE1AF4F82300DF0ADE /* XiangQingViewController.m in Sources */ = {isa = PBXBuildFile; fileRef = A11D60DD1AF4F82300DF0ADE /* XiangQingViewController.m */; };
		A16B45DD1AFCEBF3007F50CE /* BaomingViewController.m in Sources */ = {isa = PBXBuildFile; fileRef = A16B45DC1AFCEBF3007F50CE /* BaomingViewController.m */; };
		A16B45E01AFCF9AB007F50CE /* BaomingSuccessViewController.m in Sources */ = {isa = PBXBuildFile; fileRef = A16B45DF1AFCF9AB007F50CE /* BaomingSuccessViewController.m */; };
		A16B45E31AFDC413007F50CE /* UIViewController+KeyboardAdditions.m in Sources */ = {isa = PBXBuildFile; fileRef = A16B45E21AFDC413007F50CE /* UIViewController+KeyboardAdditions.m */; };
		A16B46371AFE2427007F50CE /* UMSocialLocalizable.strings in Resources */ = {isa = PBXBuildFile; fileRef = A16B461D1AFE2427007F50CE /* UMSocialLocalizable.strings */; };
		A16B46381AFE2427007F50CE /* libUMSocial_Sdk_4.2.2.a in Frameworks */ = {isa = PBXBuildFile; fileRef = A16B462B1AFE2427007F50CE /* libUMSocial_Sdk_4.2.2.a */; };
		A16B46391AFE2428007F50CE /* UMSCommentDetailController.xib in Resources */ = {isa = PBXBuildFile; fileRef = A16B462D1AFE2427007F50CE /* UMSCommentDetailController.xib */; };
		A16B463A1AFE2428007F50CE /* UMSCommentInputController.xib in Resources */ = {isa = PBXBuildFile; fileRef = A16B462E1AFE2427007F50CE /* UMSCommentInputController.xib */; };
		A16B463B1AFE2428007F50CE /* UMSCommentInputControlleriPad.xib in Resources */ = {isa = PBXBuildFile; fileRef = A16B462F1AFE2427007F50CE /* UMSCommentInputControlleriPad.xib */; };
		A16B463C1AFE2428007F50CE /* UMShareEditViewController.xib in Resources */ = {isa = PBXBuildFile; fileRef = A16B46301AFE2427007F50CE /* UMShareEditViewController.xib */; };
		A16B463D1AFE2428007F50CE /* UMShareEditViewControlleriPad.xib in Resources */ = {isa = PBXBuildFile; fileRef = A16B46311AFE2427007F50CE /* UMShareEditViewControlleriPad.xib */; };
		A16B463E1AFE2428007F50CE /* UMSLoginViewController.xib in Resources */ = {isa = PBXBuildFile; fileRef = A16B46321AFE2427007F50CE /* UMSLoginViewController.xib */; };
		A16B463F1AFE2428007F50CE /* UMSnsAccountViewController.xib in Resources */ = {isa = PBXBuildFile; fileRef = A16B46331AFE2427007F50CE /* UMSnsAccountViewController.xib */; };
		A16B46401AFE2428007F50CE /* UMSShareListController.xib in Resources */ = {isa = PBXBuildFile; fileRef = A16B46341AFE2427007F50CE /* UMSShareListController.xib */; };
		A16B46411AFE2428007F50CE /* UMSocialSDKResourcesNew.bundle in Resources */ = {isa = PBXBuildFile; fileRef = A16B46351AFE2427007F50CE /* UMSocialSDKResourcesNew.bundle */; };
		A16B464E1AFE24A2007F50CE /* libSocialQQ.a in Frameworks */ = {isa = PBXBuildFile; fileRef = A16B46441AFE24A2007F50CE /* libSocialQQ.a */; };
		A16B464F1AFE24A2007F50CE /* TencentOpenAPI.framework in Frameworks */ = {isa = PBXBuildFile; fileRef = A16B46451AFE24A2007F50CE /* TencentOpenAPI.framework */; };
		A16B46501AFE24A2007F50CE /* TencentOpenApi_IOS_Bundle.bundle in Resources */ = {isa = PBXBuildFile; fileRef = A16B46461AFE24A2007F50CE /* TencentOpenApi_IOS_Bundle.bundle */; };
		A16B46511AFE24A2007F50CE /* libSocialWechat.a in Frameworks */ = {isa = PBXBuildFile; fileRef = A16B46491AFE24A2007F50CE /* libSocialWechat.a */; };
		A16B46521AFE24A2007F50CE /* libWeChatSDK.a in Frameworks */ = {isa = PBXBuildFile; fileRef = A16B464A1AFE24A2007F50CE /* libWeChatSDK.a */; };
		A16B46541AFE24E9007F50CE /* Security.framework in Frameworks */ = {isa = PBXBuildFile; fileRef = A16B46531AFE24E9007F50CE /* Security.framework */; };
		A16B46561AFE24F6007F50CE /* libiconv.dylib in Frameworks */ = {isa = PBXBuildFile; fileRef = A16B46551AFE24F6007F50CE /* libiconv.dylib */; };
		A16B46581AFE2501007F50CE /* SystemConfiguration.framework in Frameworks */ = {isa = PBXBuildFile; fileRef = A16B46571AFE2501007F50CE /* SystemConfiguration.framework */; };
		A16B465A1AFE2512007F50CE /* CoreGraphics.framework in Frameworks */ = {isa = PBXBuildFile; fileRef = A16B46591AFE2512007F50CE /* CoreGraphics.framework */; };
		A16B465C1AFE251B007F50CE /* libsqlite3.dylib in Frameworks */ = {isa = PBXBuildFile; fileRef = A16B465B1AFE251B007F50CE /* libsqlite3.dylib */; };
		A16B465E1AFE2525007F50CE /* CoreTelephony.framework in Frameworks */ = {isa = PBXBuildFile; fileRef = A16B465D1AFE2525007F50CE /* CoreTelephony.framework */; };
		A16B46601AFE252E007F50CE /* libstdc++.dylib in Frameworks */ = {isa = PBXBuildFile; fileRef = A16B465F1AFE252E007F50CE /* libstdc++.dylib */; };
		A16B46621AFE2537007F50CE /* libz.dylib in Frameworks */ = {isa = PBXBuildFile; fileRef = A16B46611AFE2537007F50CE /* libz.dylib */; };
		A16B466A1AFE48EA007F50CE /* ParallaxHeaderView.m in Sources */ = {isa = PBXBuildFile; fileRef = A16B46651AFE48EA007F50CE /* ParallaxHeaderView.m */; };
		A16B466B1AFE48EA007F50CE /* StoryCommentCell.m in Sources */ = {isa = PBXBuildFile; fileRef = A16B46671AFE48EA007F50CE /* StoryCommentCell.m */; };
		A16B466C1AFE48EA007F50CE /* UIImage+ImageEffects.m in Sources */ = {isa = PBXBuildFile; fileRef = A16B46691AFE48EA007F50CE /* UIImage+ImageEffects.m */; };
		A16B466F1AFE4910007F50CE /* StoryViewController.m in Sources */ = {isa = PBXBuildFile; fileRef = A16B466E1AFE4910007F50CE /* StoryViewController.m */; };
		A16B46731AFE64B2007F50CE /* MrEysionViewController.m in Sources */ = {isa = PBXBuildFile; fileRef = A16B46721AFE64B2007F50CE /* MrEysionViewController.m */; };
		A19673691AFF3BAC000FF48C /* ZiXunViewController.m in Sources */ = {isa = PBXBuildFile; fileRef = A19673681AFF3BAC000FF48C /* ZiXunViewController.m */; };
		A196736C1AFF3D35000FF48C /* ZiXunParse.m in Sources */ = {isa = PBXBuildFile; fileRef = A196736B1AFF3D35000FF48C /* ZiXunParse.m */; };
		A19673741AFF53B2000FF48C /* NewsViewController.m in Sources */ = {isa = PBXBuildFile; fileRef = A19673731AFF53B2000FF48C /* NewsViewController.m */; };
		A1971B521AF3848B007A034B /* FindWorkParse.m in Sources */ = {isa = PBXBuildFile; fileRef = A1971B4D1AF3848B007A034B /* FindWorkParse.m */; };
		A1971B531AF3848B007A034B /* GongTuanParse.m in Sources */ = {isa = PBXBuildFile; fileRef = A1971B4F1AF3848B007A034B /* GongTuanParse.m */; };
		A1971B541AF3848B007A034B /* MendianParse.m in Sources */ = {isa = PBXBuildFile; fileRef = A1971B511AF3848B007A034B /* MendianParse.m */; };
		A1971B571AF38497007A034B /* FindNetWork.m in Sources */ = {isa = PBXBuildFile; fileRef = A1971B561AF38497007A034B /* FindNetWork.m */; };
		A1AE23F11AFC4A5700330826 /* CompanyViewController.m in Sources */ = {isa = PBXBuildFile; fileRef = A1AE23F01AFC4A5700330826 /* CompanyViewController.m */; };
		A1E0AA451AFB3CF40065A34D /* ITViewController.m in Sources */ = {isa = PBXBuildFile; fileRef = A1E0AA441AFB3CF40065A34D /* ITViewController.m */; };
		A1E0AA481AFB3DEF0065A34D /* IosjobParse.m in Sources */ = {isa = PBXBuildFile; fileRef = A1E0AA471AFB3DEF0065A34D /* IosjobParse.m */; };
		A1E0AA4E1AFB496B0065A34D /* ChoosePersonView.m in Sources */ = {isa = PBXBuildFile; fileRef = A1E0AA4B1AFB496B0065A34D /* ChoosePersonView.m */; };
		A1E0AA4F1AFB496B0065A34D /* ImageLabelView.m in Sources */ = {isa = PBXBuildFile; fileRef = A1E0AA4D1AFB496B0065A34D /* ImageLabelView.m */; };
		A1E0AA521AFB49D20065A34D /* Person.m in Sources */ = {isa = PBXBuildFile; fileRef = A1E0AA511AFB49D20065A34D /* Person.m */; };
		C3E9B257D46478062D60EA7F /* libPods.a in Frameworks */ = {isa = PBXBuildFile; fileRef = 67833970FBA101880F2694D3 /* libPods.a */; };
/* End PBXBuildFile section */

/* Begin PBXFileReference section */
		49218BEE9D34832B2CE80E36 /* Pods.release.xcconfig */ = {isa = PBXFileReference; includeInIndex = 1; lastKnownFileType = text.xcconfig; name = Pods.release.xcconfig; path = "Pods/Target Support Files/Pods/Pods.release.xcconfig"; sourceTree = "<group>"; };
		67833970FBA101880F2694D3 /* libPods.a */ = {isa = PBXFileReference; explicitFileType = archive.ar; includeInIndex = 0; path = libPods.a; sourceTree = BUILT_PRODUCTS_DIR; };
		A10230A81AFC8730002FE71B /* XiangQIngParse.h */ = {isa = PBXFileReference; fileEncoding = 4; lastKnownFileType = sourcecode.c.h; path = XiangQIngParse.h; sourceTree = "<group>"; };
		A10230A91AFC8730002FE71B /* XiangQIngParse.m */ = {isa = PBXFileReference; fileEncoding = 4; lastKnownFileType = sourcecode.c.objc; path = XiangQIngParse.m; sourceTree = "<group>"; };
		A118D3E91AF2109D009FB802 /* ZYMoreWork.app */ = {isa = PBXFileReference; explicitFileType = wrapper.application; includeInIndex = 0; path = ZYMoreWork.app; sourceTree = BUILT_PRODUCTS_DIR; };
		A118D3ED1AF2109D009FB802 /* Info.plist */ = {isa = PBXFileReference; lastKnownFileType = text.plist.xml; path = Info.plist; sourceTree = "<group>"; };
		A118D3EE1AF2109D009FB802 /* main.m */ = {isa = PBXFileReference; lastKnownFileType = sourcecode.c.objc; path = main.m; sourceTree = "<group>"; };
		A118D3F01AF2109D009FB802 /* AppDelegate.h */ = {isa = PBXFileReference; lastKnownFileType = sourcecode.c.h; path = AppDelegate.h; sourceTree = "<group>"; };
		A118D3F11AF2109D009FB802 /* AppDelegate.m */ = {isa = PBXFileReference; lastKnownFileType = sourcecode.c.objc; path = AppDelegate.m; sourceTree = "<group>"; };
		A118D3F41AF2109D009FB802 /* ZYMoreWork.xcdatamodel */ = {isa = PBXFileReference; lastKnownFileType = wrapper.xcdatamodel; path = ZYMoreWork.xcdatamodel; sourceTree = "<group>"; };
		A118D3FC1AF2109D009FB802 /* Images.xcassets */ = {isa = PBXFileReference; lastKnownFileType = folder.assetcatalog; path = Images.xcassets; sourceTree = "<group>"; };
		A118D40A1AF2109D009FB802 /* Info.plist */ = {isa = PBXFileReference; lastKnownFileType = text.plist.xml; path = Info.plist; sourceTree = "<group>"; };
		A118D40B1AF2109D009FB802 /* ZYMoreWorkTests.m */ = {isa = PBXFileReference; lastKnownFileType = sourcecode.c.objc; path = ZYMoreWorkTests.m; sourceTree = "<group>"; };
		A118D4151AF21A03009FB802 /* ZYMoreWork.pch */ = {isa = PBXFileReference; fileEncoding = 4; lastKnownFileType = sourcecode.c.h; path = ZYMoreWork.pch; sourceTree = "<group>"; };
		A118D4231AF21D20009FB802 /* AFHTTPRequestOperation.h */ = {isa = PBXFileReference; fileEncoding = 4; lastKnownFileType = sourcecode.c.h; path = AFHTTPRequestOperation.h; sourceTree = "<group>"; };
		A118D4241AF21D20009FB802 /* AFHTTPRequestOperation.m */ = {isa = PBXFileReference; fileEncoding = 4; lastKnownFileType = sourcecode.c.objc; path = AFHTTPRequestOperation.m; sourceTree = "<group>"; };
		A118D4251AF21D20009FB802 /* AFHTTPRequestOperationManager.h */ = {isa = PBXFileReference; fileEncoding = 4; lastKnownFileType = sourcecode.c.h; path = AFHTTPRequestOperationManager.h; sourceTree = "<group>"; };
		A118D4261AF21D20009FB802 /* AFHTTPRequestOperationManager.m */ = {isa = PBXFileReference; fileEncoding = 4; lastKnownFileType = sourcecode.c.objc; path = AFHTTPRequestOperationManager.m; sourceTree = "<group>"; };
		A118D4271AF21D20009FB802 /* AFHTTPSessionManager.h */ = {isa = PBXFileReference; fileEncoding = 4; lastKnownFileType = sourcecode.c.h; path = AFHTTPSessionManager.h; sourceTree = "<group>"; };
		A118D4281AF21D20009FB802 /* AFHTTPSessionManager.m */ = {isa = PBXFileReference; fileEncoding = 4; lastKnownFileType = sourcecode.c.objc; path = AFHTTPSessionManager.m; sourceTree = "<group>"; };
		A118D4291AF21D20009FB802 /* AFNetworking.h */ = {isa = PBXFileReference; fileEncoding = 4; lastKnownFileType = sourcecode.c.h; path = AFNetworking.h; sourceTree = "<group>"; };
		A118D42A1AF21D20009FB802 /* AFNetworkReachabilityManager.h */ = {isa = PBXFileReference; fileEncoding = 4; lastKnownFileType = sourcecode.c.h; path = AFNetworkReachabilityManager.h; sourceTree = "<group>"; };
		A118D42B1AF21D20009FB802 /* AFNetworkReachabilityManager.m */ = {isa = PBXFileReference; fileEncoding = 4; lastKnownFileType = sourcecode.c.objc; path = AFNetworkReachabilityManager.m; sourceTree = "<group>"; };
		A118D42C1AF21D20009FB802 /* AFSecurityPolicy.h */ = {isa = PBXFileReference; fileEncoding = 4; lastKnownFileType = sourcecode.c.h; path = AFSecurityPolicy.h; sourceTree = "<group>"; };
		A118D42D1AF21D20009FB802 /* AFSecurityPolicy.m */ = {isa = PBXFileReference; fileEncoding = 4; lastKnownFileType = sourcecode.c.objc; path = AFSecurityPolicy.m; sourceTree = "<group>"; };
		A118D42E1AF21D20009FB802 /* AFURLConnectionOperation.h */ = {isa = PBXFileReference; fileEncoding = 4; lastKnownFileType = sourcecode.c.h; path = AFURLConnectionOperation.h; sourceTree = "<group>"; };
		A118D42F1AF21D20009FB802 /* AFURLConnectionOperation.m */ = {isa = PBXFileReference; fileEncoding = 4; lastKnownFileType = sourcecode.c.objc; path = AFURLConnectionOperation.m; sourceTree = "<group>"; };
		A118D4301AF21D20009FB802 /* AFURLRequestSerialization.h */ = {isa = PBXFileReference; fileEncoding = 4; lastKnownFileType = sourcecode.c.h; path = AFURLRequestSerialization.h; sourceTree = "<group>"; };
		A118D4311AF21D20009FB802 /* AFURLRequestSerialization.m */ = {isa = PBXFileReference; fileEncoding = 4; lastKnownFileType = sourcecode.c.objc; path = AFURLRequestSerialization.m; sourceTree = "<group>"; };
		A118D4321AF21D20009FB802 /* AFURLResponseSerialization.h */ = {isa = PBXFileReference; fileEncoding = 4; lastKnownFileType = sourcecode.c.h; path = AFURLResponseSerialization.h; sourceTree = "<group>"; };
		A118D4331AF21D20009FB802 /* AFURLResponseSerialization.m */ = {isa = PBXFileReference; fileEncoding = 4; lastKnownFileType = sourcecode.c.objc; path = AFURLResponseSerialization.m; sourceTree = "<group>"; };
		A118D4341AF21D20009FB802 /* AFURLSessionManager.h */ = {isa = PBXFileReference; fileEncoding = 4; lastKnownFileType = sourcecode.c.h; path = AFURLSessionManager.h; sourceTree = "<group>"; };
		A118D4351AF21D20009FB802 /* AFURLSessionManager.m */ = {isa = PBXFileReference; fileEncoding = 4; lastKnownFileType = sourcecode.c.objc; path = AFURLSessionManager.m; sourceTree = "<group>"; };
		A118D4371AF21D20009FB802 /* MLBlackTransition.h */ = {isa = PBXFileReference; fileEncoding = 4; lastKnownFileType = sourcecode.c.h; path = MLBlackTransition.h; sourceTree = "<group>"; };
		A118D4381AF21D20009FB802 /* MLBlackTransition.m */ = {isa = PBXFileReference; fileEncoding = 4; lastKnownFileType = sourcecode.c.objc; path = MLBlackTransition.m; sourceTree = "<group>"; };
		A118D43A1AF21D20009FB802 /* AFNetworkActivityIndicatorManager.h */ = {isa = PBXFileReference; fileEncoding = 4; lastKnownFileType = sourcecode.c.h; path = AFNetworkActivityIndicatorManager.h; sourceTree = "<group>"; };
		A118D43B1AF21D20009FB802 /* AFNetworkActivityIndicatorManager.m */ = {isa = PBXFileReference; fileEncoding = 4; lastKnownFileType = sourcecode.c.objc; path = AFNetworkActivityIndicatorManager.m; sourceTree = "<group>"; };
		A118D43C1AF21D20009FB802 /* UIActivityIndicatorView+AFNetworking.h */ = {isa = PBXFileReference; fileEncoding = 4; lastKnownFileType = sourcecode.c.h; path = "UIActivityIndicatorView+AFNetworking.h"; sourceTree = "<group>"; };
		A118D43D1AF21D20009FB802 /* UIActivityIndicatorView+AFNetworking.m */ = {isa = PBXFileReference; fileEncoding = 4; lastKnownFileType = sourcecode.c.objc; path = "UIActivityIndicatorView+AFNetworking.m"; sourceTree = "<group>"; };
		A118D43E1AF21D20009FB802 /* UIAlertView+AFNetworking.h */ = {isa = PBXFileReference; fileEncoding = 4; lastKnownFileType = sourcecode.c.h; path = "UIAlertView+AFNetworking.h"; sourceTree = "<group>"; };
		A118D43F1AF21D20009FB802 /* UIAlertView+AFNetworking.m */ = {isa = PBXFileReference; fileEncoding = 4; lastKnownFileType = sourcecode.c.objc; path = "UIAlertView+AFNetworking.m"; sourceTree = "<group>"; };
		A118D4401AF21D20009FB802 /* UIButton+AFNetworking.h */ = {isa = PBXFileReference; fileEncoding = 4; lastKnownFileType = sourcecode.c.h; path = "UIButton+AFNetworking.h"; sourceTree = "<group>"; };
		A118D4411AF21D20009FB802 /* UIButton+AFNetworking.m */ = {isa = PBXFileReference; fileEncoding = 4; lastKnownFileType = sourcecode.c.objc; path = "UIButton+AFNetworking.m"; sourceTree = "<group>"; };
		A118D4421AF21D20009FB802 /* UIImageView+AFNetworking.h */ = {isa = PBXFileReference; fileEncoding = 4; lastKnownFileType = sourcecode.c.h; path = "UIImageView+AFNetworking.h"; sourceTree = "<group>"; };
		A118D4431AF21D20009FB802 /* UIImageView+AFNetworking.m */ = {isa = PBXFileReference; fileEncoding = 4; lastKnownFileType = sourcecode.c.objc; path = "UIImageView+AFNetworking.m"; sourceTree = "<group>"; };
		A118D4441AF21D20009FB802 /* UIKit+AFNetworking.h */ = {isa = PBXFileReference; fileEncoding = 4; lastKnownFileType = sourcecode.c.h; path = "UIKit+AFNetworking.h"; sourceTree = "<group>"; };
		A118D4451AF21D20009FB802 /* UIProgressView+AFNetworking.h */ = {isa = PBXFileReference; fileEncoding = 4; lastKnownFileType = sourcecode.c.h; path = "UIProgressView+AFNetworking.h"; sourceTree = "<group>"; };
		A118D4461AF21D20009FB802 /* UIProgressView+AFNetworking.m */ = {isa = PBXFileReference; fileEncoding = 4; lastKnownFileType = sourcecode.c.objc; path = "UIProgressView+AFNetworking.m"; sourceTree = "<group>"; };
		A118D4471AF21D20009FB802 /* UIRefreshControl+AFNetworking.h */ = {isa = PBXFileReference; fileEncoding = 4; lastKnownFileType = sourcecode.c.h; path = "UIRefreshControl+AFNetworking.h"; sourceTree = "<group>"; };
		A118D4481AF21D20009FB802 /* UIRefreshControl+AFNetworking.m */ = {isa = PBXFileReference; fileEncoding = 4; lastKnownFileType = sourcecode.c.objc; path = "UIRefreshControl+AFNetworking.m"; sourceTree = "<group>"; };
		A118D4491AF21D20009FB802 /* UIWebView+AFNetworking.h */ = {isa = PBXFileReference; fileEncoding = 4; lastKnownFileType = sourcecode.c.h; path = "UIWebView+AFNetworking.h"; sourceTree = "<group>"; };
		A118D44A1AF21D20009FB802 /* UIWebView+AFNetworking.m */ = {isa = PBXFileReference; fileEncoding = 4; lastKnownFileType = sourcecode.c.objc; path = "UIWebView+AFNetworking.m"; sourceTree = "<group>"; };
		A118D45E1AF21D71009FB802 /* MJRefresh.bundle */ = {isa = PBXFileReference; lastKnownFileType = "wrapper.plug-in"; path = MJRefresh.bundle; sourceTree = "<group>"; };
		A118D45F1AF21D71009FB802 /* MJRefresh.h */ = {isa = PBXFileReference; fileEncoding = 4; lastKnownFileType = sourcecode.c.h; path = MJRefresh.h; sourceTree = "<group>"; };
		A118D4601AF21D71009FB802 /* MJRefreshBaseView.h */ = {isa = PBXFileReference; fileEncoding = 4; lastKnownFileType = sourcecode.c.h; path = MJRefreshBaseView.h; sourceTree = "<group>"; };
		A118D4611AF21D71009FB802 /* MJRefreshBaseView.m */ = {isa = PBXFileReference; fileEncoding = 4; lastKnownFileType = sourcecode.c.objc; path = MJRefreshBaseView.m; sourceTree = "<group>"; };
		A118D4621AF21D71009FB802 /* MJRefreshConst.h */ = {isa = PBXFileReference; fileEncoding = 4; lastKnownFileType = sourcecode.c.h; path = MJRefreshConst.h; sourceTree = "<group>"; };
		A118D4631AF21D71009FB802 /* MJRefreshConst.m */ = {isa = PBXFileReference; fileEncoding = 4; lastKnownFileType = sourcecode.c.objc; path = MJRefreshConst.m; sourceTree = "<group>"; };
		A118D4641AF21D71009FB802 /* MJRefreshFooterView.h */ = {isa = PBXFileReference; fileEncoding = 4; lastKnownFileType = sourcecode.c.h; path = MJRefreshFooterView.h; sourceTree = "<group>"; };
		A118D4651AF21D71009FB802 /* MJRefreshFooterView.m */ = {isa = PBXFileReference; fileEncoding = 4; lastKnownFileType = sourcecode.c.objc; path = MJRefreshFooterView.m; sourceTree = "<group>"; };
		A118D4661AF21D71009FB802 /* MJRefreshHeaderView.h */ = {isa = PBXFileReference; fileEncoding = 4; lastKnownFileType = sourcecode.c.h; path = MJRefreshHeaderView.h; sourceTree = "<group>"; };
		A118D4671AF21D71009FB802 /* MJRefreshHeaderView.m */ = {isa = PBXFileReference; fileEncoding = 4; lastKnownFileType = sourcecode.c.objc; path = MJRefreshHeaderView.m; sourceTree = "<group>"; };
		A118D4681AF21D71009FB802 /* UIScrollView+MJExtension.h */ = {isa = PBXFileReference; fileEncoding = 4; lastKnownFileType = sourcecode.c.h; path = "UIScrollView+MJExtension.h"; sourceTree = "<group>"; };
		A118D4691AF21D71009FB802 /* UIScrollView+MJExtension.m */ = {isa = PBXFileReference; fileEncoding = 4; lastKnownFileType = sourcecode.c.objc; path = "UIScrollView+MJExtension.m"; sourceTree = "<group>"; };
		A118D46A1AF21D71009FB802 /* UIScrollView+MJRefresh.h */ = {isa = PBXFileReference; fileEncoding = 4; lastKnownFileType = sourcecode.c.h; path = "UIScrollView+MJRefresh.h"; sourceTree = "<group>"; };
		A118D46B1AF21D71009FB802 /* UIScrollView+MJRefresh.m */ = {isa = PBXFileReference; fileEncoding = 4; lastKnownFileType = sourcecode.c.objc; path = "UIScrollView+MJRefresh.m"; sourceTree = "<group>"; };
		A118D46C1AF21D71009FB802 /* UIView+MJExtension.h */ = {isa = PBXFileReference; fileEncoding = 4; lastKnownFileType = sourcecode.c.h; path = "UIView+MJExtension.h"; sourceTree = "<group>"; };
		A118D46D1AF21D71009FB802 /* UIView+MJExtension.m */ = {isa = PBXFileReference; fileEncoding = 4; lastKnownFileType = sourcecode.c.objc; path = "UIView+MJExtension.m"; sourceTree = "<group>"; };
		A118D4761AF21DD0009FB802 /* BaseTabBarViewController.h */ = {isa = PBXFileReference; fileEncoding = 4; lastKnownFileType = sourcecode.c.h; path = BaseTabBarViewController.h; sourceTree = "<group>"; };
		A118D4771AF21DD0009FB802 /* BaseTabBarViewController.m */ = {isa = PBXFileReference; fileEncoding = 4; lastKnownFileType = sourcecode.c.objc; path = BaseTabBarViewController.m; sourceTree = "<group>"; };
		A118D47B1AF221B1009FB802 /* Work.storyboard */ = {isa = PBXFileReference; fileEncoding = 4; lastKnownFileType = file.storyboard; path = Work.storyboard; sourceTree = "<group>"; };
		A118D47D1AF221D9009FB802 /* Gongtuan.storyboard */ = {isa = PBXFileReference; fileEncoding = 4; lastKnownFileType = file.storyboard; path = Gongtuan.storyboard; sourceTree = "<group>"; };
		A118D47F1AF221E8009FB802 /* Mendian.storyboard */ = {isa = PBXFileReference; fileEncoding = 4; lastKnownFileType = file.storyboard; path = Mendian.storyboard; sourceTree = "<group>"; };
		A118D4811AF221F6009FB802 /* Set.storyboard */ = {isa = PBXFileReference; fileEncoding = 4; lastKnownFileType = file.storyboard; path = Set.storyboard; sourceTree = "<group>"; };
		A118D4831AF2280F009FB802 /* BaseNavigationViewController.h */ = {isa = PBXFileReference; fileEncoding = 4; lastKnownFileType = sourcecode.c.h; path = BaseNavigationViewController.h; sourceTree = "<group>"; };
		A118D4841AF2280F009FB802 /* BaseNavigationViewController.m */ = {isa = PBXFileReference; fileEncoding = 4; lastKnownFileType = sourcecode.c.objc; path = BaseNavigationViewController.m; sourceTree = "<group>"; };
		A118D4861AF22D02009FB802 /* BaseViewController.h */ = {isa = PBXFileReference; fileEncoding = 4; lastKnownFileType = sourcecode.c.h; path = BaseViewController.h; sourceTree = "<group>"; };
		A118D4871AF22D02009FB802 /* BaseViewController.m */ = {isa = PBXFileReference; fileEncoding = 4; lastKnownFileType = sourcecode.c.objc; path = BaseViewController.m; sourceTree = "<group>"; };
		A118D4891AF24505009FB802 /* WorkViewController.h */ = {isa = PBXFileReference; fileEncoding = 4; lastKnownFileType = sourcecode.c.h; path = WorkViewController.h; sourceTree = "<group>"; };
		A118D48A1AF24505009FB802 /* WorkViewController.m */ = {isa = PBXFileReference; fileEncoding = 4; lastKnownFileType = sourcecode.c.objc; path = WorkViewController.m; sourceTree = "<group>"; };
		A11D60DC1AF4F82300DF0ADE /* XiangQingViewController.h */ = {isa = PBXFileReference; fileEncoding = 4; lastKnownFileType = sourcecode.c.h; path = XiangQingViewController.h; sourceTree = "<group>"; };
		A11D60DD1AF4F82300DF0ADE /* XiangQingViewController.m */ = {isa = PBXFileReference; fileEncoding = 4; lastKnownFileType = sourcecode.c.objc; path = XiangQingViewController.m; sourceTree = "<group>"; };
		A16B45DB1AFCEBF3007F50CE /* BaomingViewController.h */ = {isa = PBXFileReference; fileEncoding = 4; lastKnownFileType = sourcecode.c.h; path = BaomingViewController.h; sourceTree = "<group>"; };
		A16B45DC1AFCEBF3007F50CE /* BaomingViewController.m */ = {isa = PBXFileReference; fileEncoding = 4; lastKnownFileType = sourcecode.c.objc; path = BaomingViewController.m; sourceTree = "<group>"; };
		A16B45DE1AFCF9AB007F50CE /* BaomingSuccessViewController.h */ = {isa = PBXFileReference; fileEncoding = 4; lastKnownFileType = sourcecode.c.h; path = BaomingSuccessViewController.h; sourceTree = "<group>"; };
		A16B45DF1AFCF9AB007F50CE /* BaomingSuccessViewController.m */ = {isa = PBXFileReference; fileEncoding = 4; lastKnownFileType = sourcecode.c.objc; path = BaomingSuccessViewController.m; sourceTree = "<group>"; };
		A16B45E11AFDC413007F50CE /* UIViewController+KeyboardAdditions.h */ = {isa = PBXFileReference; fileEncoding = 4; lastKnownFileType = sourcecode.c.h; name = "UIViewController+KeyboardAdditions.h"; path = "UIKit+AFNetworking/UIViewController+KeyboardAdditions.h"; sourceTree = "<group>"; };
		A16B45E21AFDC413007F50CE /* UIViewController+KeyboardAdditions.m */ = {isa = PBXFileReference; fileEncoding = 4; lastKnownFileType = sourcecode.c.objc; name = "UIViewController+KeyboardAdditions.m"; path = "UIKit+AFNetworking/UIViewController+KeyboardAdditions.m"; sourceTree = "<group>"; };
		A16B461E1AFE2427007F50CE /* en */ = {isa = PBXFileReference; lastKnownFileType = text.plist.strings; name = en; path = en.lproj/UMSocialLocalizable.strings; sourceTree = "<group>"; };
		A16B46201AFE2427007F50CE /* UMSocial.h */ = {isa = PBXFileReference; fileEncoding = 4; lastKnownFileType = sourcecode.c.h; path = UMSocial.h; sourceTree = "<group>"; };
		A16B46211AFE2427007F50CE /* UMSocialAccountManager.h */ = {isa = PBXFileReference; fileEncoding = 4; lastKnownFileType = sourcecode.c.h; path = UMSocialAccountManager.h; sourceTree = "<group>"; };
		A16B46221AFE2427007F50CE /* UMSocialBar.h */ = {isa = PBXFileReference; fileEncoding = 4; lastKnownFileType = sourcecode.c.h; path = UMSocialBar.h; sourceTree = "<group>"; };
		A16B46231AFE2427007F50CE /* UMSocialConfig.h */ = {isa = PBXFileReference; fileEncoding = 4; lastKnownFileType = sourcecode.c.h; path = UMSocialConfig.h; sourceTree = "<group>"; };
		A16B46241AFE2427007F50CE /* UMSocialControllerService.h */ = {isa = PBXFileReference; fileEncoding = 4; lastKnownFileType = sourcecode.c.h; path = UMSocialControllerService.h; sourceTree = "<group>"; };
		A16B46251AFE2427007F50CE /* UMSocialControllerServiceComment.h */ = {isa = PBXFileReference; fileEncoding = 4; lastKnownFileType = sourcecode.c.h; path = UMSocialControllerServiceComment.h; sourceTree = "<group>"; };
		A16B46261AFE2427007F50CE /* UMSocialData.h */ = {isa = PBXFileReference; fileEncoding = 4; lastKnownFileType = sourcecode.c.h; path = UMSocialData.h; sourceTree = "<group>"; };
		A16B46271AFE2427007F50CE /* UMSocialDataService.h */ = {isa = PBXFileReference; fileEncoding = 4; lastKnownFileType = sourcecode.c.h; path = UMSocialDataService.h; sourceTree = "<group>"; };
		A16B46281AFE2427007F50CE /* UMSocialSnsData.h */ = {isa = PBXFileReference; fileEncoding = 4; lastKnownFileType = sourcecode.c.h; path = UMSocialSnsData.h; sourceTree = "<group>"; };
		A16B46291AFE2427007F50CE /* UMSocialSnsPlatformManager.h */ = {isa = PBXFileReference; fileEncoding = 4; lastKnownFileType = sourcecode.c.h; path = UMSocialSnsPlatformManager.h; sourceTree = "<group>"; };
		A16B462A1AFE2427007F50CE /* UMSocialSnsService.h */ = {isa = PBXFileReference; fileEncoding = 4; lastKnownFileType = sourcecode.c.h; path = UMSocialSnsService.h; sourceTree = "<group>"; };
		A16B462B1AFE2427007F50CE /* libUMSocial_Sdk_4.2.2.a */ = {isa = PBXFileReference; lastKnownFileType = archive.ar; path = libUMSocial_Sdk_4.2.2.a; sourceTree = "<group>"; };
		A16B462D1AFE2427007F50CE /* UMSCommentDetailController.xib */ = {isa = PBXFileReference; fileEncoding = 4; lastKnownFileType = file.xib; path = UMSCommentDetailController.xib; sourceTree = "<group>"; };
		A16B462E1AFE2427007F50CE /* UMSCommentInputController.xib */ = {isa = PBXFileReference; fileEncoding = 4; lastKnownFileType = file.xib; path = UMSCommentInputController.xib; sourceTree = "<group>"; };
		A16B462F1AFE2427007F50CE /* UMSCommentInputControlleriPad.xib */ = {isa = PBXFileReference; fileEncoding = 4; lastKnownFileType = file.xib; path = UMSCommentInputControlleriPad.xib; sourceTree = "<group>"; };
		A16B46301AFE2427007F50CE /* UMShareEditViewController.xib */ = {isa = PBXFileReference; fileEncoding = 4; lastKnownFileType = file.xib; path = UMShareEditViewController.xib; sourceTree = "<group>"; };
		A16B46311AFE2427007F50CE /* UMShareEditViewControlleriPad.xib */ = {isa = PBXFileReference; fileEncoding = 4; lastKnownFileType = file.xib; path = UMShareEditViewControlleriPad.xib; sourceTree = "<group>"; };
		A16B46321AFE2427007F50CE /* UMSLoginViewController.xib */ = {isa = PBXFileReference; fileEncoding = 4; lastKnownFileType = file.xib; path = UMSLoginViewController.xib; sourceTree = "<group>"; };
		A16B46331AFE2427007F50CE /* UMSnsAccountViewController.xib */ = {isa = PBXFileReference; fileEncoding = 4; lastKnownFileType = file.xib; path = UMSnsAccountViewController.xib; sourceTree = "<group>"; };
		A16B46341AFE2427007F50CE /* UMSShareListController.xib */ = {isa = PBXFileReference; fileEncoding = 4; lastKnownFileType = file.xib; path = UMSShareListController.xib; sourceTree = "<group>"; };
		A16B46351AFE2427007F50CE /* UMSocialSDKResourcesNew.bundle */ = {isa = PBXFileReference; lastKnownFileType = "wrapper.plug-in"; path = UMSocialSDKResourcesNew.bundle; sourceTree = "<group>"; };
		A16B46361AFE2427007F50CE /* zh-Hans */ = {isa = PBXFileReference; lastKnownFileType = text.plist.strings; name = "zh-Hans"; path = "zh-Hans.lproj/UMSocialLocalizable.strings"; sourceTree = "<group>"; };
		A16B46441AFE24A2007F50CE /* libSocialQQ.a */ = {isa = PBXFileReference; lastKnownFileType = archive.ar; path = libSocialQQ.a; sourceTree = "<group>"; };
		A16B46451AFE24A2007F50CE /* TencentOpenAPI.framework */ = {isa = PBXFileReference; lastKnownFileType = wrapper.framework; path = TencentOpenAPI.framework; sourceTree = "<group>"; };
		A16B46461AFE24A2007F50CE /* TencentOpenApi_IOS_Bundle.bundle */ = {isa = PBXFileReference; lastKnownFileType = "wrapper.plug-in"; path = TencentOpenApi_IOS_Bundle.bundle; sourceTree = "<group>"; };
		A16B46471AFE24A2007F50CE /* UMSocialQQHandler.h */ = {isa = PBXFileReference; fileEncoding = 4; lastKnownFileType = sourcecode.c.h; path = UMSocialQQHandler.h; sourceTree = "<group>"; };
		A16B46491AFE24A2007F50CE /* libSocialWechat.a */ = {isa = PBXFileReference; lastKnownFileType = archive.ar; path = libSocialWechat.a; sourceTree = "<group>"; };
		A16B464A1AFE24A2007F50CE /* libWeChatSDK.a */ = {isa = PBXFileReference; lastKnownFileType = archive.ar; path = libWeChatSDK.a; sourceTree = "<group>"; };
		A16B464B1AFE24A2007F50CE /* UMSocialWechatHandler.h */ = {isa = PBXFileReference; fileEncoding = 4; lastKnownFileType = sourcecode.c.h; path = UMSocialWechatHandler.h; sourceTree = "<group>"; };
		A16B464C1AFE24A2007F50CE /* WXApi.h */ = {isa = PBXFileReference; fileEncoding = 4; lastKnownFileType = sourcecode.c.h; path = WXApi.h; sourceTree = "<group>"; };
		A16B464D1AFE24A2007F50CE /* WXApiObject.h */ = {isa = PBXFileReference; fileEncoding = 4; lastKnownFileType = sourcecode.c.h; path = WXApiObject.h; sourceTree = "<group>"; };
		A16B46531AFE24E9007F50CE /* Security.framework */ = {isa = PBXFileReference; lastKnownFileType = wrapper.framework; name = Security.framework; path = System/Library/Frameworks/Security.framework; sourceTree = SDKROOT; };
		A16B46551AFE24F6007F50CE /* libiconv.dylib */ = {isa = PBXFileReference; lastKnownFileType = "compiled.mach-o.dylib"; name = libiconv.dylib; path = usr/lib/libiconv.dylib; sourceTree = SDKROOT; };
		A16B46571AFE2501007F50CE /* SystemConfiguration.framework */ = {isa = PBXFileReference; lastKnownFileType = wrapper.framework; name = SystemConfiguration.framework; path = System/Library/Frameworks/SystemConfiguration.framework; sourceTree = SDKROOT; };
		A16B46591AFE2512007F50CE /* CoreGraphics.framework */ = {isa = PBXFileReference; lastKnownFileType = wrapper.framework; name = CoreGraphics.framework; path = System/Library/Frameworks/CoreGraphics.framework; sourceTree = SDKROOT; };
		A16B465B1AFE251B007F50CE /* libsqlite3.dylib */ = {isa = PBXFileReference; lastKnownFileType = "compiled.mach-o.dylib"; name = libsqlite3.dylib; path = usr/lib/libsqlite3.dylib; sourceTree = SDKROOT; };
		A16B465D1AFE2525007F50CE /* CoreTelephony.framework */ = {isa = PBXFileReference; lastKnownFileType = wrapper.framework; name = CoreTelephony.framework; path = System/Library/Frameworks/CoreTelephony.framework; sourceTree = SDKROOT; };
		A16B465F1AFE252E007F50CE /* libstdc++.dylib */ = {isa = PBXFileReference; lastKnownFileType = "compiled.mach-o.dylib"; name = "libstdc++.dylib"; path = "usr/lib/libstdc++.dylib"; sourceTree = SDKROOT; };
		A16B46611AFE2537007F50CE /* libz.dylib */ = {isa = PBXFileReference; lastKnownFileType = "compiled.mach-o.dylib"; name = libz.dylib; path = usr/lib/libz.dylib; sourceTree = SDKROOT; };
		A16B46641AFE48EA007F50CE /* ParallaxHeaderView.h */ = {isa = PBXFileReference; fileEncoding = 4; lastKnownFileType = sourcecode.c.h; path = ParallaxHeaderView.h; sourceTree = "<group>"; };
		A16B46651AFE48EA007F50CE /* ParallaxHeaderView.m */ = {isa = PBXFileReference; fileEncoding = 4; lastKnownFileType = sourcecode.c.objc; path = ParallaxHeaderView.m; sourceTree = "<group>"; };
		A16B46661AFE48EA007F50CE /* StoryCommentCell.h */ = {isa = PBXFileReference; fileEncoding = 4; lastKnownFileType = sourcecode.c.h; path = StoryCommentCell.h; sourceTree = "<group>"; };
		A16B46671AFE48EA007F50CE /* StoryCommentCell.m */ = {isa = PBXFileReference; fileEncoding = 4; lastKnownFileType = sourcecode.c.objc; path = StoryCommentCell.m; sourceTree = "<group>"; };
		A16B46681AFE48EA007F50CE /* UIImage+ImageEffects.h */ = {isa = PBXFileReference; fileEncoding = 4; lastKnownFileType = sourcecode.c.h; path = "UIImage+ImageEffects.h"; sourceTree = "<group>"; };
		A16B46691AFE48EA007F50CE /* UIImage+ImageEffects.m */ = {isa = PBXFileReference; fileEncoding = 4; lastKnownFileType = sourcecode.c.objc; path = "UIImage+ImageEffects.m"; sourceTree = "<group>"; };
		A16B466D1AFE4910007F50CE /* StoryViewController.h */ = {isa = PBXFileReference; fileEncoding = 4; lastKnownFileType = sourcecode.c.h; path = StoryViewController.h; sourceTree = "<group>"; };
		A16B466E1AFE4910007F50CE /* StoryViewController.m */ = {isa = PBXFileReference; fileEncoding = 4; lastKnownFileType = sourcecode.c.objc; path = StoryViewController.m; sourceTree = "<group>"; };
		A16B46711AFE64B2007F50CE /* MrEysionViewController.h */ = {isa = PBXFileReference; fileEncoding = 4; lastKnownFileType = sourcecode.c.h; path = MrEysionViewController.h; sourceTree = "<group>"; };
		A16B46721AFE64B2007F50CE /* MrEysionViewController.m */ = {isa = PBXFileReference; fileEncoding = 4; lastKnownFileType = sourcecode.c.objc; path = MrEysionViewController.m; sourceTree = "<group>"; };
		A19673671AFF3BAC000FF48C /* ZiXunViewController.h */ = {isa = PBXFileReference; fileEncoding = 4; lastKnownFileType = sourcecode.c.h; path = ZiXunViewController.h; sourceTree = "<group>"; };
		A19673681AFF3BAC000FF48C /* ZiXunViewController.m */ = {isa = PBXFileReference; fileEncoding = 4; lastKnownFileType = sourcecode.c.objc; path = ZiXunViewController.m; sourceTree = "<group>"; };
		A196736A1AFF3D35000FF48C /* ZiXunParse.h */ = {isa = PBXFileReference; fileEncoding = 4; lastKnownFileType = sourcecode.c.h; path = ZiXunParse.h; sourceTree = "<group>"; };
		A196736B1AFF3D35000FF48C /* ZiXunParse.m */ = {isa = PBXFileReference; fileEncoding = 4; lastKnownFileType = sourcecode.c.objc; path = ZiXunParse.m; sourceTree = "<group>"; };
		A19673721AFF53B2000FF48C /* NewsViewController.h */ = {isa = PBXFileReference; fileEncoding = 4; lastKnownFileType = sourcecode.c.h; path = NewsViewController.h; sourceTree = "<group>"; };
		A19673731AFF53B2000FF48C /* NewsViewController.m */ = {isa = PBXFileReference; fileEncoding = 4; lastKnownFileType = sourcecode.c.objc; path = NewsViewController.m; sourceTree = "<group>"; };
		A1971B4C1AF3848B007A034B /* FindWorkParse.h */ = {isa = PBXFileReference; fileEncoding = 4; lastKnownFileType = sourcecode.c.h; path = FindWorkParse.h; sourceTree = "<group>"; };
		A1971B4D1AF3848B007A034B /* FindWorkParse.m */ = {isa = PBXFileReference; fileEncoding = 4; lastKnownFileType = sourcecode.c.objc; path = FindWorkParse.m; sourceTree = "<group>"; };
		A1971B4E1AF3848B007A034B /* GongTuanParse.h */ = {isa = PBXFileReference; fileEncoding = 4; lastKnownFileType = sourcecode.c.h; path = GongTuanParse.h; sourceTree = "<group>"; };
		A1971B4F1AF3848B007A034B /* GongTuanParse.m */ = {isa = PBXFileReference; fileEncoding = 4; lastKnownFileType = sourcecode.c.objc; path = GongTuanParse.m; sourceTree = "<group>"; };
		A1971B501AF3848B007A034B /* MendianParse.h */ = {isa = PBXFileReference; fileEncoding = 4; lastKnownFileType = sourcecode.c.h; path = MendianParse.h; sourceTree = "<group>"; };
		A1971B511AF3848B007A034B /* MendianParse.m */ = {isa = PBXFileReference; fileEncoding = 4; lastKnownFileType = sourcecode.c.objc; path = MendianParse.m; sourceTree = "<group>"; };
		A1971B551AF38497007A034B /* FindNetWork.h */ = {isa = PBXFileReference; fileEncoding = 4; lastKnownFileType = sourcecode.c.h; path = FindNetWork.h; sourceTree = "<group>"; };
		A1971B561AF38497007A034B /* FindNetWork.m */ = {isa = PBXFileReference; fileEncoding = 4; lastKnownFileType = sourcecode.c.objc; path = FindNetWork.m; sourceTree = "<group>"; };
		A1AE23EF1AFC4A5700330826 /* CompanyViewController.h */ = {isa = PBXFileReference; fileEncoding = 4; lastKnownFileType = sourcecode.c.h; name = CompanyViewController.h; path = ../CompanyViewController.h; sourceTree = "<group>"; };
		A1AE23F01AFC4A5700330826 /* CompanyViewController.m */ = {isa = PBXFileReference; fileEncoding = 4; lastKnownFileType = sourcecode.c.objc; name = CompanyViewController.m; path = ../CompanyViewController.m; sourceTree = "<group>"; };
		A1E0AA431AFB3CF40065A34D /* ITViewController.h */ = {isa = PBXFileReference; fileEncoding = 4; lastKnownFileType = sourcecode.c.h; path = ITViewController.h; sourceTree = "<group>"; };
		A1E0AA441AFB3CF40065A34D /* ITViewController.m */ = {isa = PBXFileReference; fileEncoding = 4; lastKnownFileType = sourcecode.c.objc; path = ITViewController.m; sourceTree = "<group>"; };
		A1E0AA461AFB3DEF0065A34D /* IosjobParse.h */ = {isa = PBXFileReference; fileEncoding = 4; lastKnownFileType = sourcecode.c.h; path = IosjobParse.h; sourceTree = "<group>"; };
		A1E0AA471AFB3DEF0065A34D /* IosjobParse.m */ = {isa = PBXFileReference; fileEncoding = 4; lastKnownFileType = sourcecode.c.objc; path = IosjobParse.m; sourceTree = "<group>"; };
		A1E0AA4A1AFB496B0065A34D /* ChoosePersonView.h */ = {isa = PBXFileReference; fileEncoding = 4; lastKnownFileType = sourcecode.c.h; path = ChoosePersonView.h; sourceTree = "<group>"; };
		A1E0AA4B1AFB496B0065A34D /* ChoosePersonView.m */ = {isa = PBXFileReference; fileEncoding = 4; lastKnownFileType = sourcecode.c.objc; path = ChoosePersonView.m; sourceTree = "<group>"; };
		A1E0AA4C1AFB496B0065A34D /* ImageLabelView.h */ = {isa = PBXFileReference; fileEncoding = 4; lastKnownFileType = sourcecode.c.h; path = ImageLabelView.h; sourceTree = "<group>"; };
		A1E0AA4D1AFB496B0065A34D /* ImageLabelView.m */ = {isa = PBXFileReference; fileEncoding = 4; lastKnownFileType = sourcecode.c.objc; path = ImageLabelView.m; sourceTree = "<group>"; };
		A1E0AA501AFB49D20065A34D /* Person.h */ = {isa = PBXFileReference; fileEncoding = 4; lastKnownFileType = sourcecode.c.h; path = Person.h; sourceTree = "<group>"; };
		A1E0AA511AFB49D20065A34D /* Person.m */ = {isa = PBXFileReference; fileEncoding = 4; lastKnownFileType = sourcecode.c.objc; path = Person.m; sourceTree = "<group>"; };
		B1B9F9B206CB3765BC5C6A20 /* Pods.debug.xcconfig */ = {isa = PBXFileReference; includeInIndex = 1; lastKnownFileType = text.xcconfig; name = Pods.debug.xcconfig; path = "Pods/Target Support Files/Pods/Pods.debug.xcconfig"; sourceTree = "<group>"; };
/* End PBXFileReference section */

/* Begin PBXFrameworksBuildPhase section */
		A118D3E61AF2109D009FB802 /* Frameworks */ = {
			isa = PBXFrameworksBuildPhase;
			buildActionMask = 2147483647;
			files = (
				A16B46621AFE2537007F50CE /* libz.dylib in Frameworks */,
				A16B46601AFE252E007F50CE /* libstdc++.dylib in Frameworks */,
				A16B465E1AFE2525007F50CE /* CoreTelephony.framework in Frameworks */,
				A16B465C1AFE251B007F50CE /* libsqlite3.dylib in Frameworks */,
				A16B465A1AFE2512007F50CE /* CoreGraphics.framework in Frameworks */,
				A16B46581AFE2501007F50CE /* SystemConfiguration.framework in Frameworks */,
				A16B46561AFE24F6007F50CE /* libiconv.dylib in Frameworks */,
				A16B46541AFE24E9007F50CE /* Security.framework in Frameworks */,
				A16B464E1AFE24A2007F50CE /* libSocialQQ.a in Frameworks */,
				A16B46511AFE24A2007F50CE /* libSocialWechat.a in Frameworks */,
				A16B46521AFE24A2007F50CE /* libWeChatSDK.a in Frameworks */,
				A16B464F1AFE24A2007F50CE /* TencentOpenAPI.framework in Frameworks */,
				A16B46381AFE2427007F50CE /* libUMSocial_Sdk_4.2.2.a in Frameworks */,
				C3E9B257D46478062D60EA7F /* libPods.a in Frameworks */,
			);
			runOnlyForDeploymentPostprocessing = 0;
		};
/* End PBXFrameworksBuildPhase section */

/* Begin PBXGroup section */
		6C1F686ED3FB7450DA4BA252 /* Frameworks */ = {
			isa = PBXGroup;
			children = (
				A16B46611AFE2537007F50CE /* libz.dylib */,
				A16B465F1AFE252E007F50CE /* libstdc++.dylib */,
				A16B465D1AFE2525007F50CE /* CoreTelephony.framework */,
				A16B465B1AFE251B007F50CE /* libsqlite3.dylib */,
				A16B46591AFE2512007F50CE /* CoreGraphics.framework */,
				A16B46571AFE2501007F50CE /* SystemConfiguration.framework */,
				A16B46551AFE24F6007F50CE /* libiconv.dylib */,
				A16B46531AFE24E9007F50CE /* Security.framework */,
				67833970FBA101880F2694D3 /* libPods.a */,
			);
			name = Frameworks;
			sourceTree = "<group>";
		};
		A118D3E01AF2109D009FB802 = {
			isa = PBXGroup;
			children = (
				A118D4161AF21CE1009FB802 /* 第三方库 */,
				A118D4171AF21CE1009FB802 /* 视图 */,
				A118D41D1AF21CE1009FB802 /* 网络 */,
				A118D4211AF21CE1009FB802 /* 自定义类型 */,
				A118D3EB1AF2109D009FB802 /* ZYMoreWork */,
				A118D4081AF2109D009FB802 /* ZYMoreWorkTests */,
				A118D3EA1AF2109D009FB802 /* Products */,
				A23FFF65907B078D72DF870A /* Pods */,
				6C1F686ED3FB7450DA4BA252 /* Frameworks */,
			);
			sourceTree = "<group>";
		};
		A118D3EA1AF2109D009FB802 /* Products */ = {
			isa = PBXGroup;
			children = (
				A118D3E91AF2109D009FB802 /* ZYMoreWork.app */,
			);
			name = Products;
			sourceTree = "<group>";
		};
		A118D3EB1AF2109D009FB802 /* ZYMoreWork */ = {
			isa = PBXGroup;
			children = (
				A118D3F01AF2109D009FB802 /* AppDelegate.h */,
				A118D3F11AF2109D009FB802 /* AppDelegate.m */,
				A118D3FC1AF2109D009FB802 /* Images.xcassets */,
				A118D3F31AF2109D009FB802 /* ZYMoreWork.xcdatamodeld */,
				A118D3EC1AF2109D009FB802 /* Supporting Files */,
			);
			path = ZYMoreWork;
			sourceTree = "<group>";
		};
		A118D3EC1AF2109D009FB802 /* Supporting Files */ = {
			isa = PBXGroup;
			children = (
				A118D3ED1AF2109D009FB802 /* Info.plist */,
				A118D3EE1AF2109D009FB802 /* main.m */,
				A118D4151AF21A03009FB802 /* ZYMoreWork.pch */,
			);
			name = "Supporting Files";
			sourceTree = "<group>";
		};
		A118D4081AF2109D009FB802 /* ZYMoreWorkTests */ = {
			isa = PBXGroup;
			children = (
				A118D40B1AF2109D009FB802 /* ZYMoreWorkTests.m */,
				A118D4091AF2109D009FB802 /* Supporting Files */,
			);
			path = ZYMoreWorkTests;
			sourceTree = "<group>";
		};
		A118D4091AF2109D009FB802 /* Supporting Files */ = {
			isa = PBXGroup;
			children = (
				A118D40A1AF2109D009FB802 /* Info.plist */,
			);
			name = "Supporting Files";
			sourceTree = "<group>";
		};
		A118D4161AF21CE1009FB802 /* 第三方库 */ = {
			isa = PBXGroup;
			children = (
				A16B46421AFE24A2007F50CE /* UMSocial_Sdk_Extra_Frameworks */,
				A16B461C1AFE2427007F50CE /* UMSocial_Sdk_4.2.2 */,
				A16B45E11AFDC413007F50CE /* UIViewController+KeyboardAdditions.h */,
				A16B45E21AFDC413007F50CE /* UIViewController+KeyboardAdditions.m */,
				A118D45D1AF21D71009FB802 /* MJRefresh */,
				A118D4221AF21D20009FB802 /* AFNetworking */,
				A118D4361AF21D20009FB802 /* MLBlackTransition */,
				A118D4391AF21D20009FB802 /* UIKit+AFNetworking */,
			);
			name = "第三方库";
			path = "ZYMoreWork/第三方库";
			sourceTree = "<group>";
		};
		A118D4171AF21CE1009FB802 /* 视图 */ = {
			isa = PBXGroup;
			children = (
				A118D4181AF21CE1009FB802 /* 基础视图 */,
				A118D4191AF21CE1009FB802 /* 互联网 */,
				A118D41A1AF21CE1009FB802 /* 找工作 */,
				A118D41B1AF21CE1009FB802 /* 资讯 */,
				A118D41C1AF21CE1009FB802 /* 设置 */,
			);
			name = "视图";
			path = "ZYMoreWork/视图";
			sourceTree = "<group>";
		};
		A118D4181AF21CE1009FB802 /* 基础视图 */ = {
			isa = PBXGroup;
			children = (
				A118D4761AF21DD0009FB802 /* BaseTabBarViewController.h */,
				A118D4771AF21DD0009FB802 /* BaseTabBarViewController.m */,
				A118D4831AF2280F009FB802 /* BaseNavigationViewController.h */,
				A118D4841AF2280F009FB802 /* BaseNavigationViewController.m */,
				A118D4861AF22D02009FB802 /* BaseViewController.h */,
				A118D4871AF22D02009FB802 /* BaseViewController.m */,
			);
			path = "基础视图";
			sourceTree = "<group>";
		};
		A118D4191AF21CE1009FB802 /* 互联网 */ = {
			isa = PBXGroup;
			children = (
				A1AE23F21AFC508400330826 /* 公司详情 */,
				A1E0AA491AFB464B0065A34D /* 工作卡片 */,
				A118D47D1AF221D9009FB802 /* Gongtuan.storyboard */,
				A1E0AA431AFB3CF40065A34D /* ITViewController.h */,
				A1E0AA441AFB3CF40065A34D /* ITViewController.m */,
			);
			name = "互联网";
			path = "打工团";
			sourceTree = "<group>";
		};
		A118D41A1AF21CE1009FB802 /* 找工作 */ = {
			isa = PBXGroup;
			children = (
				A11D60DA1AF4F7FD00DF0ADE /* 报名 */,
				A11D60DB1AF4F7FD00DF0ADE /* 详情 */,
				A118D47B1AF221B1009FB802 /* Work.storyboard */,
				A118D4891AF24505009FB802 /* WorkViewController.h */,
				A118D48A1AF24505009FB802 /* WorkViewController.m */,
			);
			path = "找工作";
			sourceTree = "<group>";
		};
		A118D41B1AF21CE1009FB802 /* 资讯 */ = {
			isa = PBXGroup;
			children = (
				A19673711AFF539E000FF48C /* 资讯详情 */,
				A118D47F1AF221E8009FB802 /* Mendian.storyboard */,
				A19673671AFF3BAC000FF48C /* ZiXunViewController.h */,
				A19673681AFF3BAC000FF48C /* ZiXunViewController.m */,
			);
			name = "资讯";
			path = "找门店";
			sourceTree = "<group>";
		};
		A118D41C1AF21CE1009FB802 /* 设置 */ = {
			isa = PBXGroup;
			children = (
				A16B46701AFE647A007F50CE /* 主页 */,
				A16B46631AFE4871007F50CE /* 样式 */,
				A118D4811AF221F6009FB802 /* Set.storyboard */,
				A16B466D1AFE4910007F50CE /* StoryViewController.h */,
				A16B466E1AFE4910007F50CE /* StoryViewController.m */,
			);
			path = "设置";
			sourceTree = "<group>";
		};
		A118D41D1AF21CE1009FB802 /* 网络 */ = {
			isa = PBXGroup;
			children = (
				A118D41E1AF21CE1009FB802 /* 参数 */,
				A118D41F1AF21CE1009FB802 /* 解析 */,
				A118D4201AF21CE1009FB802 /* 请求 */,
			);
			name = "网络";
			path = "ZYMoreWork/网络";
			sourceTree = "<group>";
		};
		A118D41E1AF21CE1009FB802 /* 参数 */ = {
			isa = PBXGroup;
			children = (
			);
			path = "参数";
			sourceTree = "<group>";
		};
		A118D41F1AF21CE1009FB802 /* 解析 */ = {
			isa = PBXGroup;
			children = (
				A1971B4C1AF3848B007A034B /* FindWorkParse.h */,
				A1971B4D1AF3848B007A034B /* FindWorkParse.m */,
				A1971B4E1AF3848B007A034B /* GongTuanParse.h */,
				A1971B4F1AF3848B007A034B /* GongTuanParse.m */,
				A1971B501AF3848B007A034B /* MendianParse.h */,
				A1971B511AF3848B007A034B /* MendianParse.m */,
				A1E0AA461AFB3DEF0065A34D /* IosjobParse.h */,
				A1E0AA471AFB3DEF0065A34D /* IosjobParse.m */,
				A10230A81AFC8730002FE71B /* XiangQIngParse.h */,
				A10230A91AFC8730002FE71B /* XiangQIngParse.m */,
				A196736A1AFF3D35000FF48C /* ZiXunParse.h */,
				A196736B1AFF3D35000FF48C /* ZiXunParse.m */,
			);
			path = "解析";
			sourceTree = "<group>";
		};
		A118D4201AF21CE1009FB802 /* 请求 */ = {
			isa = PBXGroup;
			children = (
				A1971B551AF38497007A034B /* FindNetWork.h */,
				A1971B561AF38497007A034B /* FindNetWork.m */,
			);
			path = "请求";
			sourceTree = "<group>";
		};
		A118D4211AF21CE1009FB802 /* 自定义类型 */ = {
			isa = PBXGroup;
			children = (
			);
			name = "自定义类型";
			path = "ZYMoreWork/自定义类型";
			sourceTree = "<group>";
		};
		A118D4221AF21D20009FB802 /* AFNetworking */ = {
			isa = PBXGroup;
			children = (
				A118D4231AF21D20009FB802 /* AFHTTPRequestOperation.h */,
				A118D4241AF21D20009FB802 /* AFHTTPRequestOperation.m */,
				A118D4251AF21D20009FB802 /* AFHTTPRequestOperationManager.h */,
				A118D4261AF21D20009FB802 /* AFHTTPRequestOperationManager.m */,
				A118D4271AF21D20009FB802 /* AFHTTPSessionManager.h */,
				A118D4281AF21D20009FB802 /* AFHTTPSessionManager.m */,
				A118D4291AF21D20009FB802 /* AFNetworking.h */,
				A118D42A1AF21D20009FB802 /* AFNetworkReachabilityManager.h */,
				A118D42B1AF21D20009FB802 /* AFNetworkReachabilityManager.m */,
				A118D42C1AF21D20009FB802 /* AFSecurityPolicy.h */,
				A118D42D1AF21D20009FB802 /* AFSecurityPolicy.m */,
				A118D42E1AF21D20009FB802 /* AFURLConnectionOperation.h */,
				A118D42F1AF21D20009FB802 /* AFURLConnectionOperation.m */,
				A118D4301AF21D20009FB802 /* AFURLRequestSerialization.h */,
				A118D4311AF21D20009FB802 /* AFURLRequestSerialization.m */,
				A118D4321AF21D20009FB802 /* AFURLResponseSerialization.h */,
				A118D4331AF21D20009FB802 /* AFURLResponseSerialization.m */,
				A118D4341AF21D20009FB802 /* AFURLSessionManager.h */,
				A118D4351AF21D20009FB802 /* AFURLSessionManager.m */,
			);
			path = AFNetworking;
			sourceTree = "<group>";
		};
		A118D4361AF21D20009FB802 /* MLBlackTransition */ = {
			isa = PBXGroup;
			children = (
				A118D4371AF21D20009FB802 /* MLBlackTransition.h */,
				A118D4381AF21D20009FB802 /* MLBlackTransition.m */,
			);
			path = MLBlackTransition;
			sourceTree = "<group>";
		};
		A118D4391AF21D20009FB802 /* UIKit+AFNetworking */ = {
			isa = PBXGroup;
			children = (
				A118D43A1AF21D20009FB802 /* AFNetworkActivityIndicatorManager.h */,
				A118D43B1AF21D20009FB802 /* AFNetworkActivityIndicatorManager.m */,
				A118D43C1AF21D20009FB802 /* UIActivityIndicatorView+AFNetworking.h */,
				A118D43D1AF21D20009FB802 /* UIActivityIndicatorView+AFNetworking.m */,
				A118D43E1AF21D20009FB802 /* UIAlertView+AFNetworking.h */,
				A118D43F1AF21D20009FB802 /* UIAlertView+AFNetworking.m */,
				A118D4401AF21D20009FB802 /* UIButton+AFNetworking.h */,
				A118D4411AF21D20009FB802 /* UIButton+AFNetworking.m */,
				A118D4421AF21D20009FB802 /* UIImageView+AFNetworking.h */,
				A118D4431AF21D20009FB802 /* UIImageView+AFNetworking.m */,
				A118D4441AF21D20009FB802 /* UIKit+AFNetworking.h */,
				A118D4451AF21D20009FB802 /* UIProgressView+AFNetworking.h */,
				A118D4461AF21D20009FB802 /* UIProgressView+AFNetworking.m */,
				A118D4471AF21D20009FB802 /* UIRefreshControl+AFNetworking.h */,
				A118D4481AF21D20009FB802 /* UIRefreshControl+AFNetworking.m */,
				A118D4491AF21D20009FB802 /* UIWebView+AFNetworking.h */,
				A118D44A1AF21D20009FB802 /* UIWebView+AFNetworking.m */,
			);
			path = "UIKit+AFNetworking";
			sourceTree = "<group>";
		};
		A118D45D1AF21D71009FB802 /* MJRefresh */ = {
			isa = PBXGroup;
			children = (
				A118D45E1AF21D71009FB802 /* MJRefresh.bundle */,
				A118D45F1AF21D71009FB802 /* MJRefresh.h */,
				A118D4601AF21D71009FB802 /* MJRefreshBaseView.h */,
				A118D4611AF21D71009FB802 /* MJRefreshBaseView.m */,
				A118D4621AF21D71009FB802 /* MJRefreshConst.h */,
				A118D4631AF21D71009FB802 /* MJRefreshConst.m */,
				A118D4641AF21D71009FB802 /* MJRefreshFooterView.h */,
				A118D4651AF21D71009FB802 /* MJRefreshFooterView.m */,
				A118D4661AF21D71009FB802 /* MJRefreshHeaderView.h */,
				A118D4671AF21D71009FB802 /* MJRefreshHeaderView.m */,
				A118D4681AF21D71009FB802 /* UIScrollView+MJExtension.h */,
				A118D4691AF21D71009FB802 /* UIScrollView+MJExtension.m */,
				A118D46A1AF21D71009FB802 /* UIScrollView+MJRefresh.h */,
				A118D46B1AF21D71009FB802 /* UIScrollView+MJRefresh.m */,
				A118D46C1AF21D71009FB802 /* UIView+MJExtension.h */,
				A118D46D1AF21D71009FB802 /* UIView+MJExtension.m */,
			);
			path = MJRefresh;
			sourceTree = "<group>";
		};
		A11D60DA1AF4F7FD00DF0ADE /* 报名 */ = {
			isa = PBXGroup;
			children = (
				A16B45DB1AFCEBF3007F50CE /* BaomingViewController.h */,
				A16B45DC1AFCEBF3007F50CE /* BaomingViewController.m */,
				A16B45DE1AFCF9AB007F50CE /* BaomingSuccessViewController.h */,
				A16B45DF1AFCF9AB007F50CE /* BaomingSuccessViewController.m */,
			);
			path = "报名";
			sourceTree = "<group>";
		};
		A11D60DB1AF4F7FD00DF0ADE /* 详情 */ = {
			isa = PBXGroup;
			children = (
				A11D60DC1AF4F82300DF0ADE /* XiangQingViewController.h */,
				A11D60DD1AF4F82300DF0ADE /* XiangQingViewController.m */,
			);
			path = "详情";
			sourceTree = "<group>";
		};
		A16B461C1AFE2427007F50CE /* UMSocial_Sdk_4.2.2 */ = {
			isa = PBXGroup;
			children = (
				A16B461D1AFE2427007F50CE /* UMSocialLocalizable.strings */,
				A16B461F1AFE2427007F50CE /* Header */,
				A16B462B1AFE2427007F50CE /* libUMSocial_Sdk_4.2.2.a */,
				A16B462C1AFE2427007F50CE /* SocialSDKXib */,
				A16B46351AFE2427007F50CE /* UMSocialSDKResourcesNew.bundle */,
			);
			path = UMSocial_Sdk_4.2.2;
			sourceTree = "<group>";
		};
		A16B461F1AFE2427007F50CE /* Header */ = {
			isa = PBXGroup;
			children = (
				A16B46201AFE2427007F50CE /* UMSocial.h */,
				A16B46211AFE2427007F50CE /* UMSocialAccountManager.h */,
				A16B46221AFE2427007F50CE /* UMSocialBar.h */,
				A16B46231AFE2427007F50CE /* UMSocialConfig.h */,
				A16B46241AFE2427007F50CE /* UMSocialControllerService.h */,
				A16B46251AFE2427007F50CE /* UMSocialControllerServiceComment.h */,
				A16B46261AFE2427007F50CE /* UMSocialData.h */,
				A16B46271AFE2427007F50CE /* UMSocialDataService.h */,
				A16B46281AFE2427007F50CE /* UMSocialSnsData.h */,
				A16B46291AFE2427007F50CE /* UMSocialSnsPlatformManager.h */,
				A16B462A1AFE2427007F50CE /* UMSocialSnsService.h */,
			);
			path = Header;
			sourceTree = "<group>";
		};
		A16B462C1AFE2427007F50CE /* SocialSDKXib */ = {
			isa = PBXGroup;
			children = (
				A16B462D1AFE2427007F50CE /* UMSCommentDetailController.xib */,
				A16B462E1AFE2427007F50CE /* UMSCommentInputController.xib */,
				A16B462F1AFE2427007F50CE /* UMSCommentInputControlleriPad.xib */,
				A16B46301AFE2427007F50CE /* UMShareEditViewController.xib */,
				A16B46311AFE2427007F50CE /* UMShareEditViewControlleriPad.xib */,
				A16B46321AFE2427007F50CE /* UMSLoginViewController.xib */,
				A16B46331AFE2427007F50CE /* UMSnsAccountViewController.xib */,
				A16B46341AFE2427007F50CE /* UMSShareListController.xib */,
			);
			path = SocialSDKXib;
			sourceTree = "<group>";
		};
		A16B46421AFE24A2007F50CE /* UMSocial_Sdk_Extra_Frameworks */ = {
			isa = PBXGroup;
			children = (
				A16B46431AFE24A2007F50CE /* TencentOpenAPI */,
				A16B46481AFE24A2007F50CE /* Wechat */,
			);
			path = UMSocial_Sdk_Extra_Frameworks;
			sourceTree = "<group>";
		};
		A16B46431AFE24A2007F50CE /* TencentOpenAPI */ = {
			isa = PBXGroup;
			children = (
				A16B46441AFE24A2007F50CE /* libSocialQQ.a */,
				A16B46451AFE24A2007F50CE /* TencentOpenAPI.framework */,
				A16B46461AFE24A2007F50CE /* TencentOpenApi_IOS_Bundle.bundle */,
				A16B46471AFE24A2007F50CE /* UMSocialQQHandler.h */,
			);
			path = TencentOpenAPI;
			sourceTree = "<group>";
		};
		A16B46481AFE24A2007F50CE /* Wechat */ = {
			isa = PBXGroup;
			children = (
				A16B46491AFE24A2007F50CE /* libSocialWechat.a */,
				A16B464A1AFE24A2007F50CE /* libWeChatSDK.a */,
				A16B464B1AFE24A2007F50CE /* UMSocialWechatHandler.h */,
				A16B464C1AFE24A2007F50CE /* WXApi.h */,
				A16B464D1AFE24A2007F50CE /* WXApiObject.h */,
			);
			path = Wechat;
			sourceTree = "<group>";
		};
		A16B46631AFE4871007F50CE /* 样式 */ = {
			isa = PBXGroup;
			children = (
				A16B46641AFE48EA007F50CE /* ParallaxHeaderView.h */,
				A16B46651AFE48EA007F50CE /* ParallaxHeaderView.m */,
				A16B46661AFE48EA007F50CE /* StoryCommentCell.h */,
				A16B46671AFE48EA007F50CE /* StoryCommentCell.m */,
				A16B46681AFE48EA007F50CE /* UIImage+ImageEffects.h */,
				A16B46691AFE48EA007F50CE /* UIImage+ImageEffects.m */,
			);
			path = "样式";
			sourceTree = "<group>";
		};
		A16B46701AFE647A007F50CE /* 主页 */ = {
			isa = PBXGroup;
			children = (
				A16B46711AFE64B2007F50CE /* MrEysionViewController.h */,
				A16B46721AFE64B2007F50CE /* MrEysionViewController.m */,
			);
			path = "主页";
			sourceTree = "<group>";
		};
		A19673711AFF539E000FF48C /* 资讯详情 */ = {
			isa = PBXGroup;
			children = (
				A19673721AFF53B2000FF48C /* NewsViewController.h */,
				A19673731AFF53B2000FF48C /* NewsViewController.m */,
			);
			path = "资讯详情";
			sourceTree = "<group>";
		};
		A1AE23F21AFC508400330826 /* 公司详情 */ = {
			isa = PBXGroup;
			children = (
				A1AE23EF1AFC4A5700330826 /* CompanyViewController.h */,
				A1AE23F01AFC4A5700330826 /* CompanyViewController.m */,
			);
			path = "公司详情";
			sourceTree = "<group>";
		};
		A1E0AA491AFB464B0065A34D /* 工作卡片 */ = {
			isa = PBXGroup;
			children = (
				A1E0AA501AFB49D20065A34D /* Person.h */,
				A1E0AA511AFB49D20065A34D /* Person.m */,
				A1E0AA4A1AFB496B0065A34D /* ChoosePersonView.h */,
				A1E0AA4B1AFB496B0065A34D /* ChoosePersonView.m */,
				A1E0AA4C1AFB496B0065A34D /* ImageLabelView.h */,
				A1E0AA4D1AFB496B0065A34D /* ImageLabelView.m */,
			);
			path = "工作卡片";
			sourceTree = "<group>";
		};
		A23FFF65907B078D72DF870A /* Pods */ = {
			isa = PBXGroup;
			children = (
				B1B9F9B206CB3765BC5C6A20 /* Pods.debug.xcconfig */,
				49218BEE9D34832B2CE80E36 /* Pods.release.xcconfig */,
			);
			name = Pods;
			sourceTree = "<group>";
		};
/* End PBXGroup section */

/* Begin PBXNativeTarget section */
		A118D3E81AF2109D009FB802 /* ZYMoreWork */ = {
			isa = PBXNativeTarget;
			buildConfigurationList = A118D40F1AF2109D009FB802 /* Build configuration list for PBXNativeTarget "ZYMoreWork" */;
			buildPhases = (
				2A8E038023A40A2139E37C66 /* Check Pods Manifest.lock */,
				A118D3E51AF2109D009FB802 /* Sources */,
				A118D3E61AF2109D009FB802 /* Frameworks */,
				A118D3E71AF2109D009FB802 /* Resources */,
				B8F438E0B363068CFB6CE755 /* Copy Pods Resources */,
			);
			buildRules = (
			);
			dependencies = (
			);
			name = ZYMoreWork;
			productName = ZYMoreWork;
			productReference = A118D3E91AF2109D009FB802 /* ZYMoreWork.app */;
			productType = "com.apple.product-type.application";
		};
/* End PBXNativeTarget section */

/* Begin PBXProject section */
		A118D3E11AF2109D009FB802 /* Project object */ = {
			isa = PBXProject;
			attributes = {
				LastUpgradeCheck = 0630;
				ORGANIZATIONNAME = core;
				TargetAttributes = {
					A118D3E81AF2109D009FB802 = {
						CreatedOnToolsVersion = 6.3;
					};
				};
			};
			buildConfigurationList = A118D3E41AF2109D009FB802 /* Build configuration list for PBXProject "ZYMoreWork" */;
			compatibilityVersion = "Xcode 3.2";
			developmentRegion = English;
			hasScannedForEncodings = 0;
			knownRegions = (
				en,
				Base,
				"zh-Hans",
			);
			mainGroup = A118D3E01AF2109D009FB802;
			productRefGroup = A118D3EA1AF2109D009FB802 /* Products */;
			projectDirPath = "";
			projectRoot = "";
			targets = (
				A118D3E81AF2109D009FB802 /* ZYMoreWork */,
			);
		};
/* End PBXProject section */

/* Begin PBXResourcesBuildPhase section */
		A118D3E71AF2109D009FB802 /* Resources */ = {
			isa = PBXResourcesBuildPhase;
			buildActionMask = 2147483647;
			files = (
				A16B46501AFE24A2007F50CE /* TencentOpenApi_IOS_Bundle.bundle in Resources */,
				A118D46E1AF21D71009FB802 /* MJRefresh.bundle in Resources */,
				A118D4821AF221F6009FB802 /* Set.storyboard in Resources */,
				A16B463D1AFE2428007F50CE /* UMShareEditViewControlleriPad.xib in Resources */,
				A118D4801AF221E8009FB802 /* Mendian.storyboard in Resources */,
				A118D47E1AF221D9009FB802 /* Gongtuan.storyboard in Resources */,
				A16B46401AFE2428007F50CE /* UMSShareListController.xib in Resources */,
				A16B463E1AFE2428007F50CE /* UMSLoginViewController.xib in Resources */,
				A118D3FD1AF2109D009FB802 /* Images.xcassets in Resources */,
				A118D47C1AF221B1009FB802 /* Work.storyboard in Resources */,
				A16B463A1AFE2428007F50CE /* UMSCommentInputController.xib in Resources */,
				A16B46411AFE2428007F50CE /* UMSocialSDKResourcesNew.bundle in Resources */,
				A16B46391AFE2428007F50CE /* UMSCommentDetailController.xib in Resources */,
				A16B463C1AFE2428007F50CE /* UMShareEditViewController.xib in Resources */,
				A16B463B1AFE2428007F50CE /* UMSCommentInputControlleriPad.xib in Resources */,
				A16B46371AFE2427007F50CE /* UMSocialLocalizable.strings in Resources */,
				A16B463F1AFE2428007F50CE /* UMSnsAccountViewController.xib in Resources */,
			);
			runOnlyForDeploymentPostprocessing = 0;
		};
/* End PBXResourcesBuildPhase section */

/* Begin PBXShellScriptBuildPhase section */
		2A8E038023A40A2139E37C66 /* Check Pods Manifest.lock */ = {
			isa = PBXShellScriptBuildPhase;
			buildActionMask = 2147483647;
			files = (
			);
			inputPaths = (
			);
			name = "Check Pods Manifest.lock";
			outputPaths = (
			);
			runOnlyForDeploymentPostprocessing = 0;
			shellPath = /bin/sh;
			shellScript = "diff \"${PODS_ROOT}/../Podfile.lock\" \"${PODS_ROOT}/Manifest.lock\" > /dev/null\nif [[ $? != 0 ]] ; then\n    cat << EOM\nerror: The sandbox is not in sync with the Podfile.lock. Run 'pod install' or update your CocoaPods installation.\nEOM\n    exit 1\nfi\n";
			showEnvVarsInLog = 0;
		};
		B8F438E0B363068CFB6CE755 /* Copy Pods Resources */ = {
			isa = PBXShellScriptBuildPhase;
			buildActionMask = 2147483647;
			files = (
			);
			inputPaths = (
			);
			name = "Copy Pods Resources";
			outputPaths = (
			);
			runOnlyForDeploymentPostprocessing = 0;
			shellPath = /bin/sh;
			shellScript = "\"${SRCROOT}/Pods/Target Support Files/Pods/Pods-resources.sh\"\n";
			showEnvVarsInLog = 0;
		};
/* End PBXShellScriptBuildPhase section */

/* Begin PBXSourcesBuildPhase section */
		A118D3E51AF2109D009FB802 /* Sources */ = {
			isa = PBXSourcesBuildPhase;
			buildActionMask = 2147483647;
			files = (
				A118D4711AF21D71009FB802 /* MJRefreshFooterView.m in Sources */,
				A118D4851AF2280F009FB802 /* BaseNavigationViewController.m in Sources */,
				A118D45A1AF21D20009FB802 /* UIProgressView+AFNetworking.m in Sources */,
				A19673691AFF3BAC000FF48C /* ZiXunViewController.m in Sources */,
				A118D4581AF21D20009FB802 /* UIButton+AFNetworking.m in Sources */,
				A118D4751AF21D71009FB802 /* UIView+MJExtension.m in Sources */,
				A118D45B1AF21D20009FB802 /* UIRefreshControl+AFNetworking.m in Sources */,
				A16B466C1AFE48EA007F50CE /* UIImage+ImageEffects.m in Sources */,
				A118D4571AF21D20009FB802 /* UIAlertView+AFNetworking.m in Sources */,
				A16B46731AFE64B2007F50CE /* MrEysionViewController.m in Sources */,
				A118D4781AF21DD0009FB802 /* BaseTabBarViewController.m in Sources */,
				A1E0AA4E1AFB496B0065A34D /* ChoosePersonView.m in Sources */,
				A1AE23F11AFC4A5700330826 /* CompanyViewController.m in Sources */,
				A118D4741AF21D71009FB802 /* UIScrollView+MJRefresh.m in Sources */,
				A1E0AA4F1AFB496B0065A34D /* ImageLabelView.m in Sources */,
				A118D44B1AF21D20009FB802 /* AFHTTPRequestOperation.m in Sources */,
				A118D4721AF21D71009FB802 /* MJRefreshHeaderView.m in Sources */,
				A1971B571AF38497007A034B /* FindNetWork.m in Sources */,
				A118D3F51AF2109D009FB802 /* ZYMoreWork.xcdatamodeld in Sources */,
				A118D46F1AF21D71009FB802 /* MJRefreshBaseView.m in Sources */,
				A196736C1AFF3D35000FF48C /* ZiXunParse.m in Sources */,
				A118D4701AF21D71009FB802 /* MJRefreshConst.m in Sources */,
				A118D44C1AF21D20009FB802 /* AFHTTPRequestOperationManager.m in Sources */,
				A118D4541AF21D20009FB802 /* MLBlackTransition.m in Sources */,
				A118D44E1AF21D20009FB802 /* AFNetworkReachabilityManager.m in Sources */,
				A16B466B1AFE48EA007F50CE /* StoryCommentCell.m in Sources */,
				A11D60DE1AF4F82300DF0ADE /* XiangQingViewController.m in Sources */,
				A19673741AFF53B2000FF48C /* NewsViewController.m in Sources */,
				A118D48B1AF24505009FB802 /* WorkViewController.m in Sources */,
				A118D4881AF22D02009FB802 /* BaseViewController.m in Sources */,
				A16B466A1AFE48EA007F50CE /* ParallaxHeaderView.m in Sources */,
				A10230AA1AFC8730002FE71B /* XiangQIngParse.m in Sources */,
				A118D4591AF21D20009FB802 /* UIImageView+AFNetworking.m in Sources */,
				A1E0AA481AFB3DEF0065A34D /* IosjobParse.m in Sources */,
				A118D4731AF21D71009FB802 /* UIScrollView+MJExtension.m in Sources */,
				A16B45E01AFCF9AB007F50CE /* BaomingSuccessViewController.m in Sources */,
				A118D4521AF21D20009FB802 /* AFURLResponseSerialization.m in Sources */,
				A16B45DD1AFCEBF3007F50CE /* BaomingViewController.m in Sources */,
				A16B45E31AFDC413007F50CE /* UIViewController+KeyboardAdditions.m in Sources */,
				A16B466F1AFE4910007F50CE /* StoryViewController.m in Sources */,
				A118D4561AF21D20009FB802 /* UIActivityIndicatorView+AFNetworking.m in Sources */,
				A118D4501AF21D20009FB802 /* AFURLConnectionOperation.m in Sources */,
				A118D44F1AF21D20009FB802 /* AFSecurityPolicy.m in Sources */,
				A1E0AA521AFB49D20065A34D /* Person.m in Sources */,
				A118D44D1AF21D20009FB802 /* AFHTTPSessionManager.m in Sources */,
				A118D4511AF21D20009FB802 /* AFURLRequestSerialization.m in Sources */,
				A118D4531AF21D20009FB802 /* AFURLSessionManager.m in Sources */,
				A118D45C1AF21D20009FB802 /* UIWebView+AFNetworking.m in Sources */,
				A1E0AA451AFB3CF40065A34D /* ITViewController.m in Sources */,
				A118D3F21AF2109D009FB802 /* AppDelegate.m in Sources */,
				A118D4551AF21D20009FB802 /* AFNetworkActivityIndicatorManager.m in Sources */,
				A1971B541AF3848B007A034B /* MendianParse.m in Sources */,
				A1971B521AF3848B007A034B /* FindWorkParse.m in Sources */,
				A1971B531AF3848B007A034B /* GongTuanParse.m in Sources */,
				A118D3EF1AF2109D009FB802 /* main.m in Sources */,
			);
			runOnlyForDeploymentPostprocessing = 0;
		};
/* End PBXSourcesBuildPhase section */

/* Begin PBXVariantGroup section */
		A16B461D1AFE2427007F50CE /* UMSocialLocalizable.strings */ = {
			isa = PBXVariantGroup;
			children = (
				A16B461E1AFE2427007F50CE /* en */,
				A16B46361AFE2427007F50CE /* zh-Hans */,
			);
			name = UMSocialLocalizable.strings;
			sourceTree = "<group>";
		};
/* End PBXVariantGroup section */

/* Begin XCBuildConfiguration section */
		A118D40D1AF2109D009FB802 /* Debug */ = {
			isa = XCBuildConfiguration;
			buildSettings = {
				ALWAYS_SEARCH_USER_PATHS = NO;
				CLANG_CXX_LANGUAGE_STANDARD = "gnu++0x";
				CLANG_CXX_LIBRARY = "libc++";
				CLANG_ENABLE_MODULES = YES;
				CLANG_ENABLE_OBJC_ARC = YES;
				CLANG_WARN_BOOL_CONVERSION = YES;
				CLANG_WARN_CONSTANT_CONVERSION = YES;
				CLANG_WARN_DIRECT_OBJC_ISA_USAGE = YES_ERROR;
				CLANG_WARN_EMPTY_BODY = YES;
				CLANG_WARN_ENUM_CONVERSION = YES;
				CLANG_WARN_INT_CONVERSION = YES;
				CLANG_WARN_OBJC_ROOT_CLASS = YES_ERROR;
				CLANG_WARN_UNREACHABLE_CODE = YES;
				CLANG_WARN__DUPLICATE_METHOD_MATCH = YES;
				"CODE_SIGN_IDENTITY[sdk=iphoneos*]" = "iPhone Developer";
				COPY_PHASE_STRIP = NO;
				DEBUG_INFORMATION_FORMAT = "dwarf-with-dsym";
				ENABLE_STRICT_OBJC_MSGSEND = YES;
				GCC_C_LANGUAGE_STANDARD = gnu99;
				GCC_DYNAMIC_NO_PIC = NO;
				GCC_NO_COMMON_BLOCKS = YES;
				GCC_OPTIMIZATION_LEVEL = 0;
				GCC_PREPROCESSOR_DEFINITIONS = (
					"DEBUG=1",
					"$(inherited)",
				);
				GCC_SYMBOLS_PRIVATE_EXTERN = NO;
				GCC_WARN_64_TO_32_BIT_CONVERSION = YES;
				GCC_WARN_ABOUT_RETURN_TYPE = YES_ERROR;
				GCC_WARN_UNDECLARED_SELECTOR = YES;
				GCC_WARN_UNINITIALIZED_AUTOS = YES_AGGRESSIVE;
				GCC_WARN_UNUSED_FUNCTION = YES;
				GCC_WARN_UNUSED_VARIABLE = YES;
				IPHONEOS_DEPLOYMENT_TARGET = 8.3;
				MTL_ENABLE_DEBUG_INFO = YES;
				ONLY_ACTIVE_ARCH = YES;
				SDKROOT = iphoneos;
			};
			name = Debug;
		};
		A118D40E1AF2109D009FB802 /* Release */ = {
			isa = XCBuildConfiguration;
			buildSettings = {
				ALWAYS_SEARCH_USER_PATHS = NO;
				CLANG_CXX_LANGUAGE_STANDARD = "gnu++0x";
				CLANG_CXX_LIBRARY = "libc++";
				CLANG_ENABLE_MODULES = YES;
				CLANG_ENABLE_OBJC_ARC = YES;
				CLANG_WARN_BOOL_CONVERSION = YES;
				CLANG_WARN_CONSTANT_CONVERSION = YES;
				CLANG_WARN_DIRECT_OBJC_ISA_USAGE = YES_ERROR;
				CLANG_WARN_EMPTY_BODY = YES;
				CLANG_WARN_ENUM_CONVERSION = YES;
				CLANG_WARN_INT_CONVERSION = YES;
				CLANG_WARN_OBJC_ROOT_CLASS = YES_ERROR;
				CLANG_WARN_UNREACHABLE_CODE = YES;
				CLANG_WARN__DUPLICATE_METHOD_MATCH = YES;
				"CODE_SIGN_IDENTITY[sdk=iphoneos*]" = "iPhone Developer";
				COPY_PHASE_STRIP = NO;
				DEBUG_INFORMATION_FORMAT = "dwarf-with-dsym";
				ENABLE_NS_ASSERTIONS = NO;
				ENABLE_STRICT_OBJC_MSGSEND = YES;
				GCC_C_LANGUAGE_STANDARD = gnu99;
				GCC_NO_COMMON_BLOCKS = YES;
				GCC_WARN_64_TO_32_BIT_CONVERSION = YES;
				GCC_WARN_ABOUT_RETURN_TYPE = YES_ERROR;
				GCC_WARN_UNDECLARED_SELECTOR = YES;
				GCC_WARN_UNINITIALIZED_AUTOS = YES_AGGRESSIVE;
				GCC_WARN_UNUSED_FUNCTION = YES;
				GCC_WARN_UNUSED_VARIABLE = YES;
				IPHONEOS_DEPLOYMENT_TARGET = 8.3;
				MTL_ENABLE_DEBUG_INFO = NO;
				SDKROOT = iphoneos;
				VALIDATE_PRODUCT = YES;
			};
			name = Release;
		};
		A118D4101AF2109D009FB802 /* Debug */ = {
			isa = XCBuildConfiguration;
			baseConfigurationReference = B1B9F9B206CB3765BC5C6A20 /* Pods.debug.xcconfig */;
			buildSettings = {
				ASSETCATALOG_COMPILER_APPICON_NAME = AppIcon;
				ASSETCATALOG_COMPILER_LAUNCHIMAGE_NAME = LaunchImage;
				CODE_SIGN_IDENTITY = "iPhone Developer: Chunhua Zhu (PWMKL3ZU9D)";
				FRAMEWORK_SEARCH_PATHS = (
					"$(inherited)",
					"$(PROJECT_DIR)/ZYMoreWork/第三方库/umeng_ios_social_sdk_4.2-5.2_arm64_custom/UMSocial_Sdk_Extra_Frameworks/TencentOpenAPI",
					"$(PROJECT_DIR)/ZYMoreWork/第三方库/UMSocial_Sdk_Extra_Frameworks/TencentOpenAPI",
				);
				GCC_PREFIX_HEADER = ZYMoreWork/ZYMoreWork.pch;
				INFOPLIST_FILE = ZYMoreWork/Info.plist;
				IPHONEOS_DEPLOYMENT_TARGET = 7.0;
				LD_RUNPATH_SEARCH_PATHS = "$(inherited) @executable_path/Frameworks";
				LIBRARY_SEARCH_PATHS = (
					"$(inherited)",
					"$(PROJECT_DIR)/ZYMoreWork/第三方库/umeng_ios_social_sdk_4.2-5.2_arm64_custom/UMSocial_Sdk_4.2.2",
					"$(PROJECT_DIR)/ZYMoreWork/第三方库/umeng_ios_social_sdk_4.2-5.2_arm64_custom/UMSocial_Sdk_Extra_Frameworks/TencentOpenAPI",
					"$(PROJECT_DIR)/ZYMoreWork/第三方库/umeng_ios_social_sdk_4.2-5.2_arm64_custom/UMSocial_Sdk_Extra_Frameworks/Wechat",
					"$(PROJECT_DIR)/ZYMoreWork/第三方库/UMSocial_Sdk_4.2.2",
					"$(PROJECT_DIR)/ZYMoreWork/第三方库/UMSocial_Sdk_Extra_Frameworks/TencentOpenAPI",
					"$(PROJECT_DIR)/ZYMoreWork/第三方库/UMSocial_Sdk_Extra_Frameworks/Wechat",
				);
				PRODUCT_NAME = "$(TARGET_NAME)";
			};
			name = Debug;
		};
		A118D4111AF2109D009FB802 /* Release */ = {
			isa = XCBuildConfiguration;
			baseConfigurationReference = 49218BEE9D34832B2CE80E36 /* Pods.release.xcconfig */;
			buildSettings = {
				ASSETCATALOG_COMPILER_APPICON_NAME = AppIcon;
				ASSETCATALOG_COMPILER_LAUNCHIMAGE_NAME = LaunchImage;
				CODE_SIGN_IDENTITY = "iPhone Developer: Chunhua Zhu (PWMKL3ZU9D)";
				FRAMEWORK_SEARCH_PATHS = (
					"$(inherited)",
					"$(PROJECT_DIR)/ZYMoreWork/第三方库/umeng_ios_social_sdk_4.2-5.2_arm64_custom/UMSocial_Sdk_Extra_Frameworks/TencentOpenAPI",
					"$(PROJECT_DIR)/ZYMoreWork/第三方库/UMSocial_Sdk_Extra_Frameworks/TencentOpenAPI",
				);
				GCC_PREFIX_HEADER = ZYMoreWork/ZYMoreWork.pch;
				INFOPLIST_FILE = ZYMoreWork/Info.plist;
				IPHONEOS_DEPLOYMENT_TARGET = 7.0;
				LD_RUNPATH_SEARCH_PATHS = "$(inherited) @executable_path/Frameworks";
				LIBRARY_SEARCH_PATHS = (
					"$(inherited)",
					"$(PROJECT_DIR)/ZYMoreWork/第三方库/umeng_ios_social_sdk_4.2-5.2_arm64_custom/UMSocial_Sdk_4.2.2",
					"$(PROJECT_DIR)/ZYMoreWork/第三方库/umeng_ios_social_sdk_4.2-5.2_arm64_custom/UMSocial_Sdk_Extra_Frameworks/TencentOpenAPI",
					"$(PROJECT_DIR)/ZYMoreWork/第三方库/umeng_ios_social_sdk_4.2-5.2_arm64_custom/UMSocial_Sdk_Extra_Frameworks/Wechat",
					"$(PROJECT_DIR)/ZYMoreWork/第三方库/UMSocial_Sdk_4.2.2",
					"$(PROJECT_DIR)/ZYMoreWork/第三方库/UMSocial_Sdk_Extra_Frameworks/TencentOpenAPI",
					"$(PROJECT_DIR)/ZYMoreWork/第三方库/UMSocial_Sdk_Extra_Frameworks/Wechat",
				);
				PRODUCT_NAME = "$(TARGET_NAME)";
			};
			name = Release;
		};
/* End XCBuildConfiguration section */

/* Begin XCConfigurationList section */
		A118D3E41AF2109D009FB802 /* Build configuration list for PBXProject "ZYMoreWork" */ = {
			isa = XCConfigurationList;
			buildConfigurations = (
				A118D40D1AF2109D009FB802 /* Debug */,
				A118D40E1AF2109D009FB802 /* Release */,
			);
			defaultConfigurationIsVisible = 0;
			defaultConfigurationName = Release;
		};
		A118D40F1AF2109D009FB802 /* Build configuration list for PBXNativeTarget "ZYMoreWork" */ = {
			isa = XCConfigurationList;
			buildConfigurations = (
				A118D4101AF2109D009FB802 /* Debug */,
				A118D4111AF2109D009FB802 /* Release */,
			);
			defaultConfigurationIsVisible = 0;
			defaultConfigurationName = Release;
		};
/* End XCConfigurationList section */

/* Begin XCVersionGroup section */
		A118D3F31AF2109D009FB802 /* ZYMoreWork.xcdatamodeld */ = {
			isa = XCVersionGroup;
			children = (
				A118D3F41AF2109D009FB802 /* ZYMoreWork.xcdatamodel */,
			);
			currentVersion = A118D3F41AF2109D009FB802 /* ZYMoreWork.xcdatamodel */;
			path = ZYMoreWork.xcdatamodeld;
			sourceTree = "<group>";
			versionGroupType = wrapper.xcdatamodel;
		};
/* End XCVersionGroup section */
	};
	rootObject = A118D3E11AF2109D009FB802 /* Project object */;
}
